// !$*UTF8*$!
{
	archiveVersion = 1;
	classes = {
	};
	objectVersion = 46;
	objects = {

/* Begin PBXBuildFile section */
		D31DE66B1E1FAC5900C48A9E /* Rachel_House.jpg in Resources */ = {isa = PBXBuildFile; fileRef = D31DE65A1E1FAC5900C48A9E /* Rachel_House.jpg */; };
		D31DE66C1E1FAC5900C48A9E /* Dwayne_Johnson.jpg in Resources */ = {isa = PBXBuildFile; fileRef = D31DE65B1E1FAC5900C48A9E /* Dwayne_Johnson.jpg */; };
		D31DE66D1E1FAC5900C48A9E /* Auli'i_Cravalho.jpg in Resources */ = {isa = PBXBuildFile; fileRef = D31DE65C1E1FAC5900C48A9E /* Auli'i_Cravalho.jpg */; };
		D31DE66E1E1FAC5900C48A9E /* Ellen_Page.jpg in Resources */ = {isa = PBXBuildFile; fileRef = D31DE65D1E1FAC5900C48A9E /* Ellen_Page.jpg */; };
		D31DE66F1E1FAC5900C48A9E /* Joseph_Gordon-Levitt.jpg in Resources */ = {isa = PBXBuildFile; fileRef = D31DE65E1E1FAC5900C48A9E /* Joseph_Gordon-Levitt.jpg */; };
		D31DE6701E1FAC5900C48A9E /* Leonardo_DiCaprio.jpg in Resources */ = {isa = PBXBuildFile; fileRef = D31DE65F1E1FAC5900C48A9E /* Leonardo_DiCaprio.jpg */; };
		D31DE6711E1FAC5900C48A9E /* Sally_Field.jpg in Resources */ = {isa = PBXBuildFile; fileRef = D31DE6601E1FAC5900C48A9E /* Sally_Field.jpg */; };
		D31DE6721E1FAC5900C48A9E /* Tom_Hanks.jpg in Resources */ = {isa = PBXBuildFile; fileRef = D31DE6611E1FAC5900C48A9E /* Tom_Hanks.jpg */; };
		D31DE6731E1FAC5900C48A9E /* Meat_Loaf.jpg in Resources */ = {isa = PBXBuildFile; fileRef = D31DE6621E1FAC5900C48A9E /* Meat_Loaf.jpg */; };
		D31DE6741E1FAC5900C48A9E /* Brad_Pitt.jpg in Resources */ = {isa = PBXBuildFile; fileRef = D31DE6631E1FAC5900C48A9E /* Brad_Pitt.jpg */; };
		D31DE6751E1FAC5900C48A9E /* Edward_Norton.jpg in Resources */ = {isa = PBXBuildFile; fileRef = D31DE6641E1FAC5900C48A9E /* Edward_Norton.jpg */; };
		D31DE6761E1FAC5900C48A9E /* Zooey_Deschanel.jpg in Resources */ = {isa = PBXBuildFile; fileRef = D31DE6651E1FAC5900C48A9E /* Zooey_Deschanel.jpg */; };
		D31DE6771E1FAC5900C48A9E /* Justin_Timberlake.jpg in Resources */ = {isa = PBXBuildFile; fileRef = D31DE6661E1FAC5900C48A9E /* Justin_Timberlake.jpg */; };
		D31DE6781E1FAC5900C48A9E /* Anna_Kendrick.jpg in Resources */ = {isa = PBXBuildFile; fileRef = D31DE6671E1FAC5900C48A9E /* Anna_Kendrick.jpg */; };
		D31DE6791E1FAC5900C48A9E /* Rachel_McAdams.jpg in Resources */ = {isa = PBXBuildFile; fileRef = D31DE6681E1FAC5900C48A9E /* Rachel_McAdams.jpg */; };
		D31DE67A1E1FAC5900C48A9E /* Chiwetel_Ejiofor.jpg in Resources */ = {isa = PBXBuildFile; fileRef = D31DE6691E1FAC5900C48A9E /* Chiwetel_Ejiofor.jpg */; };
		D31DE67B1E1FAC5900C48A9E /* Benedict_Cumberbatch.jpg in Resources */ = {isa = PBXBuildFile; fileRef = D31DE66A1E1FAC5900C48A9E /* Benedict_Cumberbatch.jpg */; };
		D329A4E81E3181F500AFB20C /* blue.png in Resources */ = {isa = PBXBuildFile; fileRef = D329A4E61E3181F500AFB20C /* blue.png */; };
		D329A4E91E3181F500AFB20C /* white.png in Resources */ = {isa = PBXBuildFile; fileRef = D329A4E71E3181F500AFB20C /* white.png */; };
		D329A4EB1E31828E00AFB20C /* darkblue.png in Resources */ = {isa = PBXBuildFile; fileRef = D329A4EA1E31828E00AFB20C /* darkblue.png */; };
		D329A4ED1E319A9500AFB20C /* Settings.json in Resources */ = {isa = PBXBuildFile; fileRef = D329A4EC1E319A9500AFB20C /* Settings.json */; };
		D33FA4191E007DAA005C8BCA /* AppDelegate.swift in Sources */ = {isa = PBXBuildFile; fileRef = D33FA4181E007DAA005C8BCA /* AppDelegate.swift */; };
		D33FA41D1E007DAA005C8BCA /* Assets.xcassets in Resources */ = {isa = PBXBuildFile; fileRef = D33FA41C1E007DAA005C8BCA /* Assets.xcassets */; };
		D33FA4281E007DAA005C8BCA /* IP5_HorizonTests.swift in Sources */ = {isa = PBXBuildFile; fileRef = D33FA4271E007DAA005C8BCA /* IP5_HorizonTests.swift */; };
		D33FA4331E007DAA005C8BCA /* IP5_HorizonUITests.swift in Sources */ = {isa = PBXBuildFile; fileRef = D33FA4321E007DAA005C8BCA /* IP5_HorizonUITests.swift */; };
		D33FA4421E007E54005C8BCA /* RessourceLoader.swift in Sources */ = {isa = PBXBuildFile; fileRef = D33FA4411E007E54005C8BCA /* RessourceLoader.swift */; };
		D33FA44B1E00855C005C8BCA /* main.js in Resources */ = {isa = PBXBuildFile; fileRef = D33FA44A1E00855C005C8BCA /* main.js */; };
		D33FA45A1E008652005C8BCA /* rootMenu.tvml in Resources */ = {isa = PBXBuildFile; fileRef = D33FA44C1E008652005C8BCA /* rootMenu.tvml */; };
		D33FA45B1E008652005C8BCA /* myVideo.tvml in Resources */ = {isa = PBXBuildFile; fileRef = D33FA44D1E008652005C8BCA /* myVideo.tvml */; };
		D33FA45C1E008652005C8BCA /* homeScreen.tvml in Resources */ = {isa = PBXBuildFile; fileRef = D33FA44E1E008652005C8BCA /* homeScreen.tvml */; };
		D33FA45D1E008652005C8BCA /* myPrime.tvml in Resources */ = {isa = PBXBuildFile; fileRef = D33FA44F1E008652005C8BCA /* myPrime.tvml */; };
		D33FA45E1E008652005C8BCA /* LiveTV.tvml in Resources */ = {isa = PBXBuildFile; fileRef = D33FA4501E008652005C8BCA /* LiveTV.tvml */; };
		D33FA45F1E008652005C8BCA /* video.tvml in Resources */ = {isa = PBXBuildFile; fileRef = D33FA4511E008652005C8BCA /* video.tvml */; };
		D33FA4611E008652005C8BCA /* Settings.tvml in Resources */ = {isa = PBXBuildFile; fileRef = D33FA4531E008652005C8BCA /* Settings.tvml */; };
		D33FA4621E008652005C8BCA /* videoRating.tvml in Resources */ = {isa = PBXBuildFile; fileRef = D33FA4541E008652005C8BCA /* videoRating.tvml */; };
		D33FA4631E008652005C8BCA /* Search.tvml in Resources */ = {isa = PBXBuildFile; fileRef = D33FA4551E008652005C8BCA /* Search.tvml */; };
		D33FA4641E008652005C8BCA /* expandedDetailText.tvml in Resources */ = {isa = PBXBuildFile; fileRef = D33FA4561E008652005C8BCA /* expandedDetailText.tvml */; };
		D33FA4651E008652005C8BCA /* _searchResult.tvml in Resources */ = {isa = PBXBuildFile; fileRef = D33FA4571E008652005C8BCA /* _searchResult.tvml */; };
		D33FA4661E008652005C8BCA /* photos.tvml in Resources */ = {isa = PBXBuildFile; fileRef = D33FA4581E008652005C8BCA /* photos.tvml */; };
		D33FA4671E008652005C8BCA /* videoLogoOverlay.tvml in Resources */ = {isa = PBXBuildFile; fileRef = D33FA4591E008652005C8BCA /* videoLogoOverlay.tvml */; };
		D33FA46D1E0086A6005C8BCA /* Presenter.js in Resources */ = {isa = PBXBuildFile; fileRef = D33FA4681E0086A6005C8BCA /* Presenter.js */; };
		D33FA46E1E0086A6005C8BCA /* SearchHandler.js in Resources */ = {isa = PBXBuildFile; fileRef = D33FA4691E0086A6005C8BCA /* SearchHandler.js */; };
		D33FA46F1E0086A6005C8BCA /* ResourceLoader.js in Resources */ = {isa = PBXBuildFile; fileRef = D33FA46A1E0086A6005C8BCA /* ResourceLoader.js */; };
		D33FA4701E0086A6005C8BCA /* EventHandler.js in Resources */ = {isa = PBXBuildFile; fileRef = D33FA46B1E0086A6005C8BCA /* EventHandler.js */; };
		D33FA4711E0086A6005C8BCA /* DataController.js in Resources */ = {isa = PBXBuildFile; fileRef = D33FA46C1E0086A6005C8BCA /* DataController.js */; };
		D33FA4731E008814005C8BCA /* mustache.min.js in Resources */ = {isa = PBXBuildFile; fileRef = D33FA4721E008814005C8BCA /* mustache.min.js */; };
		D33FA4781E008851005C8BCA /* blueclouds.png in Resources */ = {isa = PBXBuildFile; fileRef = D33FA4771E008851005C8BCA /* blueclouds.png */; };
		D33FA4831E008861005C8BCA /* DoctorStrange.jpg in Resources */ = {isa = PBXBuildFile; fileRef = D33FA4791E008861005C8BCA /* DoctorStrange.jpg */; };
		D33FA4841E008861005C8BCA /* FantasticBeasts.jpg in Resources */ = {isa = PBXBuildFile; fileRef = D33FA47A1E008861005C8BCA /* FantasticBeasts.jpg */; };
		D33FA4851E008861005C8BCA /* FightClub.jpg in Resources */ = {isa = PBXBuildFile; fileRef = D33FA47B1E008861005C8BCA /* FightClub.jpg */; };
		D33FA4861E008861005C8BCA /* ForrestGump.jpg in Resources */ = {isa = PBXBuildFile; fileRef = D33FA47C1E008861005C8BCA /* ForrestGump.jpg */; };
		D33FA4871E008861005C8BCA /* Inception.jpg in Resources */ = {isa = PBXBuildFile; fileRef = D33FA47D1E008861005C8BCA /* Inception.jpg */; };
		D33FA4881E008861005C8BCA /* Moana.jpg in Resources */ = {isa = PBXBuildFile; fileRef = D33FA47E1E008861005C8BCA /* Moana.jpg */; };
		D33FA4891E008861005C8BCA /* PulpFiction.jpg in Resources */ = {isa = PBXBuildFile; fileRef = D33FA47F1E008861005C8BCA /* PulpFiction.jpg */; };
		D33FA48A1E008861005C8BCA /* TheDarkKnight.jpg in Resources */ = {isa = PBXBuildFile; fileRef = D33FA4801E008861005C8BCA /* TheDarkKnight.jpg */; };
		D33FA48B1E008861005C8BCA /* TheGodfather.jpg in Resources */ = {isa = PBXBuildFile; fileRef = D33FA4811E008861005C8BCA /* TheGodfather.jpg */; };
		D33FA48C1E008861005C8BCA /* Trolls.jpg in Resources */ = {isa = PBXBuildFile; fileRef = D33FA4821E008861005C8BCA /* Trolls.jpg */; };
		D33FA48F1E00886E005C8BCA /* upclogo_1.png in Resources */ = {isa = PBXBuildFile; fileRef = D33FA48D1E00886E005C8BCA /* upclogo_1.png */; };
		D33FA4901E00886E005C8BCA /* upclogo_2.png in Resources */ = {isa = PBXBuildFile; fileRef = D33FA48E1E00886E005C8BCA /* upclogo_2.png */; };
		D33FA4971E00887D005C8BCA /* MyVideo.json in Resources */ = {isa = PBXBuildFile; fileRef = D33FA4911E00887D005C8BCA /* MyVideo.json */; };
		D33FA4981E00887D005C8BCA /* LiveTV.json in Resources */ = {isa = PBXBuildFile; fileRef = D33FA4921E00887D005C8BCA /* LiveTV.json */; };
		D33FA4991E00887D005C8BCA /* search.json in Resources */ = {isa = PBXBuildFile; fileRef = D33FA4931E00887D005C8BCA /* search.json */; };
		D33FA49A1E00887D005C8BCA /* myPrime.json in Resources */ = {isa = PBXBuildFile; fileRef = D33FA4941E00887D005C8BCA /* myPrime.json */; };
		D33FA49B1E00887D005C8BCA /* videoDatabase.json in Resources */ = {isa = PBXBuildFile; fileRef = D33FA4951E00887D005C8BCA /* videoDatabase.json */; };
		D33FA49C1E00887D005C8BCA /* homeScreen.json in Resources */ = {isa = PBXBuildFile; fileRef = D33FA4961E00887D005C8BCA /* homeScreen.json */; };
		D33FA4A41E008893005C8BCA /* DoctorStrange.json in Resources */ = {isa = PBXBuildFile; fileRef = D33FA49E1E008893005C8BCA /* DoctorStrange.json */; };
		D33FA4A51E008893005C8BCA /* Trolls.json in Resources */ = {isa = PBXBuildFile; fileRef = D33FA49F1E008893005C8BCA /* Trolls.json */; };
		D33FA4A61E008893005C8BCA /* Inception.json in Resources */ = {isa = PBXBuildFile; fileRef = D33FA4A01E008893005C8BCA /* Inception.json */; };
		D33FA4A71E008893005C8BCA /* Moana.json in Resources */ = {isa = PBXBuildFile; fileRef = D33FA4A11E008893005C8BCA /* Moana.json */; };
		D33FA4A81E008893005C8BCA /* FightClub.json in Resources */ = {isa = PBXBuildFile; fileRef = D33FA4A21E008893005C8BCA /* FightClub.json */; };
		D33FA4A91E008893005C8BCA /* ForrestGump.json in Resources */ = {isa = PBXBuildFile; fileRef = D33FA4A31E008893005C8BCA /* ForrestGump.json */; };
		D33FA4AB1E0088A6005C8BCA /* DoctorStrange.mp4 in Resources */ = {isa = PBXBuildFile; fileRef = D33FA4AA1E0088A6005C8BCA /* DoctorStrange.mp4 */; };
		D34FD1E91E243A30000BDF25 /* tvGuideDatabase.json in Resources */ = {isa = PBXBuildFile; fileRef = D34FD1E81E243A30000BDF25 /* tvGuideDatabase.json */; };
		D34FD1F01E243A3E000BDF25 /* tvguideS_past.tvml in Resources */ = {isa = PBXBuildFile; fileRef = D34FD1EA1E243A3E000BDF25 /* tvguideS_past.tvml */; };
		D34FD1F11E243A3E000BDF25 /* tvguideS_future.tvml in Resources */ = {isa = PBXBuildFile; fileRef = D34FD1EB1E243A3E000BDF25 /* tvguideS_future.tvml */; };
		D34FD1F21E243A3E000BDF25 /* tvguideS_now.tvml in Resources */ = {isa = PBXBuildFile; fileRef = D34FD1EC1E243A3E000BDF25 /* tvguideS_now.tvml */; };
		D34FD1F31E243A3E000BDF25 /* tvguideM_now.tvml in Resources */ = {isa = PBXBuildFile; fileRef = D34FD1ED1E243A3E000BDF25 /* tvguideM_now.tvml */; };
		D34FD1F41E243A3E000BDF25 /* tvguideM_future.tvml in Resources */ = {isa = PBXBuildFile; fileRef = D34FD1EE1E243A3E000BDF25 /* tvguideM_future.tvml */; };
		D34FD1F51E243A3E000BDF25 /* tvguideM_past.tvml in Resources */ = {isa = PBXBuildFile; fileRef = D34FD1EF1E243A3E000BDF25 /* tvguideM_past.tvml */; };
		D3C9E2D91E22701E0034E466 /* series.tvml in Resources */ = {isa = PBXBuildFile; fileRef = D3C9E2D81E22701E0034E466 /* series.tvml */; };
		D3C9E2DF1E2274730034E466 /* NewGirl.json in Resources */ = {isa = PBXBuildFile; fileRef = D3C9E2DC1E2274730034E466 /* NewGirl.json */; };
		D3C9E2E91E2283970034E466 /* NewGirl16.json in Resources */ = {isa = PBXBuildFile; fileRef = D3C9E2E31E2283970034E466 /* NewGirl16.json */; };
		D3C9E2EA1E2283970034E466 /* NewGirl15.json in Resources */ = {isa = PBXBuildFile; fileRef = D3C9E2E41E2283970034E466 /* NewGirl15.json */; };
		D3C9E2EB1E2283970034E466 /* NewGirl14.json in Resources */ = {isa = PBXBuildFile; fileRef = D3C9E2E51E2283970034E466 /* NewGirl14.json */; };
		D3C9E2EC1E2283970034E466 /* NewGirl13.json in Resources */ = {isa = PBXBuildFile; fileRef = D3C9E2E61E2283970034E466 /* NewGirl13.json */; };
		D3C9E2ED1E2283970034E466 /* NewGirl12.json in Resources */ = {isa = PBXBuildFile; fileRef = D3C9E2E71E2283970034E466 /* NewGirl12.json */; };
		D3C9E2EE1E2283970034E466 /* NewGirl11.json in Resources */ = {isa = PBXBuildFile; fileRef = D3C9E2E81E2283970034E466 /* NewGirl11.json */; };
		D3C9E2F01E2283A30034E466 /* seriesDatabase.json in Resources */ = {isa = PBXBuildFile; fileRef = D3C9E2EF1E2283A30034E466 /* seriesDatabase.json */; };
		D3C9E2F61E2284820034E466 /* NewGirl1.jpg in Resources */ = {isa = PBXBuildFile; fileRef = D3C9E2F51E2284820034E466 /* NewGirl1.jpg */; };
		D3CA78C91E22EB7100BD7FE1 /* HouseofCards1.jpg in Resources */ = {isa = PBXBuildFile; fileRef = D3CA78C81E22EB7100BD7FE1 /* HouseofCards1.jpg */; };
		D3CA78CB1E22EB7A00BD7FE1 /* Spongebob1.jpg in Resources */ = {isa = PBXBuildFile; fileRef = D3CA78CA1E22EB7A00BD7FE1 /* Spongebob1.jpg */; };
		D3CA78D21E22ED4900BD7FE1 /* Spongebob13.json in Resources */ = {isa = PBXBuildFile; fileRef = D3CA78CC1E22ED4900BD7FE1 /* Spongebob13.json */; };
		D3CA78D31E22ED4900BD7FE1 /* Spongebob11.json in Resources */ = {isa = PBXBuildFile; fileRef = D3CA78CD1E22ED4900BD7FE1 /* Spongebob11.json */; };
		D3CA78D41E22ED4900BD7FE1 /* Spongebob12.json in Resources */ = {isa = PBXBuildFile; fileRef = D3CA78CE1E22ED4900BD7FE1 /* Spongebob12.json */; };
		D3CA78D51E22ED4900BD7FE1 /* HouseofCards13.json in Resources */ = {isa = PBXBuildFile; fileRef = D3CA78CF1E22ED4900BD7FE1 /* HouseofCards13.json */; };
		D3CA78D61E22ED4900BD7FE1 /* HouseofCards12.json in Resources */ = {isa = PBXBuildFile; fileRef = D3CA78D01E22ED4900BD7FE1 /* HouseofCards12.json */; };
		D3CA78D71E22ED4900BD7FE1 /* HouseofCards11.json in Resources */ = {isa = PBXBuildFile; fileRef = D3CA78D11E22ED4900BD7FE1 /* HouseofCards11.json */; };
		D3CB64411E1685F80058E34C /* tvGuide.tvml in Resources */ = {isa = PBXBuildFile; fileRef = D3CB64401E1685F80058E34C /* tvGuide.tvml */; };
		D3CB64431E168AA60058E34C /* tvGuide.json in Resources */ = {isa = PBXBuildFile; fileRef = D3CB64421E168AA60058E34C /* tvGuide.json */; };
		D3CB64451E16BDAD0058E34C /* prosieben_hd.jpg in Resources */ = {isa = PBXBuildFile; fileRef = D3CB64441E16BDAD0058E34C /* prosieben_hd.jpg */; };
		D3CB64471E16BDB80058E34C /* halblogo.png in Resources */ = {isa = PBXBuildFile; fileRef = D3CB64461E16BDB80058E34C /* halblogo.png */; };
		D3CB64541E16C96A0058E34C /* p7maxxhd-logo-weiß.jpg in Resources */ = {isa = PBXBuildFile; fileRef = D3CB64481E16C96A0058E34C /* p7maxxhd-logo-weiß.jpg */; };
		D3CB64551E16C96A0058E34C /* logo_gross.png in Resources */ = {isa = PBXBuildFile; fileRef = D3CB64491E16C96A0058E34C /* logo_gross.png */; };
		D3CB64561E16C96A0058E34C /* logo_klein5.png in Resources */ = {isa = PBXBuildFile; fileRef = D3CB644A1E16C96A0058E34C /* logo_klein5.png */; };
		D3CB64571E16C96A0058E34C /* logo_klein6.png in Resources */ = {isa = PBXBuildFile; fileRef = D3CB644B1E16C96A0058E34C /* logo_klein6.png */; };
		D3CB64581E16C96A0058E34C /* logoklein7.png in Resources */ = {isa = PBXBuildFile; fileRef = D3CB644C1E16C96A0058E34C /* logoklein7.png */; };
		D3CB64591E16C96A0058E34C /* ZDF-Logo.png in Resources */ = {isa = PBXBuildFile; fileRef = D3CB644D1E16C96A0058E34C /* ZDF-Logo.png */; };
		D3CB645B1E16C96A0058E34C /* RTL_HD.png in Resources */ = {isa = PBXBuildFile; fileRef = D3CB644F1E16C96A0058E34C /* RTL_HD.png */; };
		D3CB645D1E16C96A0058E34C /* logo_orf1HD.png in Resources */ = {isa = PBXBuildFile; fileRef = D3CB64511E16C96A0058E34C /* logo_orf1HD.png */; };
		D3CB645F1E16C96A0058E34C /* logo_srf2HD.png in Resources */ = {isa = PBXBuildFile; fileRef = D3CB64531E16C96A0058E34C /* logo_srf2HD.png */; };
		D3CB64631E16CB0C0058E34C /* Sat1.png in Resources */ = {isa = PBXBuildFile; fileRef = D3CB64601E16CB0C0058E34C /* Sat1.png */; };
		D3CB64641E16CB0C0058E34C /* ORF2.png in Resources */ = {isa = PBXBuildFile; fileRef = D3CB64611E16CB0C0058E34C /* ORF2.png */; };
		D3CB64651E16CB0C0058E34C /* 3plus_HD.png in Resources */ = {isa = PBXBuildFile; fileRef = D3CB64621E16CB0C0058E34C /* 3plus_HD.png */; };
		D3D91D5C1E1545E300AFD9B8 /* horizonlogo.png in Resources */ = {isa = PBXBuildFile; fileRef = D3D91D5B1E1545E300AFD9B8 /* horizonlogo.png */; };
		D3D91D5E1E154A9700AFD9B8 /* horizonlogo_small.png in Resources */ = {isa = PBXBuildFile; fileRef = D3D91D5D1E154A9700AFD9B8 /* horizonlogo_small.png */; };
		D3D91D611E154B8A00AFD9B8 /* background_small.png in Resources */ = {isa = PBXBuildFile; fileRef = D3D91D5F1E154B8A00AFD9B8 /* background_small.png */; };
		D3D91D621E154B8A00AFD9B8 /* background.png in Resources */ = {isa = PBXBuildFile; fileRef = D3D91D601E154B8A00AFD9B8 /* background.png */; };
		D3D91D641E154CC800AFD9B8 /* horizonlogo_very_small.png in Resources */ = {isa = PBXBuildFile; fileRef = D3D91D631E154CC800AFD9B8 /* horizonlogo_very_small.png */; };
		D3D91D661E154D0800AFD9B8 /* upclogo_2_small.png in Resources */ = {isa = PBXBuildFile; fileRef = D3D91D651E154D0800AFD9B8 /* upclogo_2_small.png */; };
		D3D91D6B1E15520400AFD9B8 /* logo_klein4.png in Resources */ = {isa = PBXBuildFile; fileRef = D3D91D671E15520400AFD9B8 /* logo_klein4.png */; };
		D3D91D6C1E15520400AFD9B8 /* logo_klein3.png in Resources */ = {isa = PBXBuildFile; fileRef = D3D91D681E15520400AFD9B8 /* logo_klein3.png */; };
		D3D91D6D1E15520400AFD9B8 /* logo_klein2.png in Resources */ = {isa = PBXBuildFile; fileRef = D3D91D691E15520400AFD9B8 /* logo_klein2.png */; };
		D3D91D6E1E15520400AFD9B8 /* logo_klein.png in Resources */ = {isa = PBXBuildFile; fileRef = D3D91D6A1E15520400AFD9B8 /* logo_klein.png */; };
		D3F0718F1E30188A006716B6 /* srf1_logo.png in Resources */ = {isa = PBXBuildFile; fileRef = D3F0718C1E30188A006716B6 /* srf1_logo.png */; };
		D3F071901E30188A006716B6 /* halblogo_middle.png in Resources */ = {isa = PBXBuildFile; fileRef = D3F0718D1E30188A006716B6 /* halblogo_middle.png */; };
		D3F071911E30188A006716B6 /* logo_schrift.png in Resources */ = {isa = PBXBuildFile; fileRef = D3F0718E1E30188A006716B6 /* logo_schrift.png */; };
		D3F071951E3022CD006716B6 /* screenshot_dmax.png in Resources */ = {isa = PBXBuildFile; fileRef = D3F071921E3022CD006716B6 /* screenshot_dmax.png */; };
		D3F071961E3022CD006716B6 /* screenshot_zdf.png in Resources */ = {isa = PBXBuildFile; fileRef = D3F071931E3022CD006716B6 /* screenshot_zdf.png */; };
		D3F071971E3022CD006716B6 /* screenshot_rtl2.png in Resources */ = {isa = PBXBuildFile; fileRef = D3F071941E3022CD006716B6 /* screenshot_rtl2.png */; };
		D3F0719B1E3022D9006716B6 /* DMAX.png in Resources */ = {isa = PBXBuildFile; fileRef = D3F071981E3022D9006716B6 /* DMAX.png */; };
		D3F0719C1E3022D9006716B6 /* RTL-II-Logo.png in Resources */ = {isa = PBXBuildFile; fileRef = D3F071991E3022D9006716B6 /* RTL-II-Logo.png */; };
		D3F0719D1E3022D9006716B6 /* Kabel_eins_HD_Logo.png in Resources */ = {isa = PBXBuildFile; fileRef = D3F0719A1E3022D9006716B6 /* Kabel_eins_HD_Logo.png */; };
		D3FAB4B21E2FD68A00A94640 /* screenshot_rtl.png in Resources */ = {isa = PBXBuildFile; fileRef = D3FAB4AA1E2FD68A00A94640 /* screenshot_rtl.png */; };
		D3FAB4B31E2FD68A00A94640 /* screenshot_sat1.png in Resources */ = {isa = PBXBuildFile; fileRef = D3FAB4AB1E2FD68A00A94640 /* screenshot_sat1.png */; };
		D3FAB4B41E2FD68A00A94640 /* screenshot_orf1.png in Resources */ = {isa = PBXBuildFile; fileRef = D3FAB4AC1E2FD68A00A94640 /* screenshot_orf1.png */; };
		D3FAB4B51E2FD68A00A94640 /* screenshot_kabel1.png in Resources */ = {isa = PBXBuildFile; fileRef = D3FAB4AD1E2FD68A00A94640 /* screenshot_kabel1.png */; };
		D3FAB4B61E2FD68A00A94640 /* screenshot_3+.png in Resources */ = {isa = PBXBuildFile; fileRef = D3FAB4AE1E2FD68A00A94640 /* screenshot_3+.png */; };
		D3FAB4B71E2FD68A00A94640 /* screenshot_orf2.png in Resources */ = {isa = PBXBuildFile; fileRef = D3FAB4AF1E2FD68A00A94640 /* screenshot_orf2.png */; };
		D3FAB4B81E2FD68A00A94640 /* screenshot_pro7.png in Resources */ = {isa = PBXBuildFile; fileRef = D3FAB4B01E2FD68A00A94640 /* screenshot_pro7.png */; };
		D3FAB4B91E2FD68A00A94640 /* screenshot_srf2.png in Resources */ = {isa = PBXBuildFile; fileRef = D3FAB4B11E2FD68A00A94640 /* screenshot_srf2.png */; };
		D3FAB4BB1E2FD77200A94640 /* screenshot_srf1.png in Resources */ = {isa = PBXBuildFile; fileRef = D3FAB4BA1E2FD77200A94640 /* screenshot_srf1.png */; };
/* End PBXBuildFile section */

/* Begin PBXContainerItemProxy section */
		D33FA4241E007DAA005C8BCA /* PBXContainerItemProxy */ = {
			isa = PBXContainerItemProxy;
			containerPortal = D33FA40D1E007DAA005C8BCA /* Project object */;
			proxyType = 1;
			remoteGlobalIDString = D33FA4141E007DAA005C8BCA;
			remoteInfo = IP5_Horizon;
		};
		D33FA42F1E007DAA005C8BCA /* PBXContainerItemProxy */ = {
			isa = PBXContainerItemProxy;
			containerPortal = D33FA40D1E007DAA005C8BCA /* Project object */;
			proxyType = 1;
			remoteGlobalIDString = D33FA4141E007DAA005C8BCA;
			remoteInfo = IP5_Horizon;
		};
/* End PBXContainerItemProxy section */

/* Begin PBXFileReference section */
		D31DE65A1E1FAC5900C48A9E /* Rachel_House.jpg */ = {isa = PBXFileReference; lastKnownFileType = image.jpeg; name = Rachel_House.jpg; path = content/images/Actors/Rachel_House.jpg; sourceTree = "<group>"; };
		D31DE65B1E1FAC5900C48A9E /* Dwayne_Johnson.jpg */ = {isa = PBXFileReference; lastKnownFileType = image.jpeg; name = Dwayne_Johnson.jpg; path = content/images/Actors/Dwayne_Johnson.jpg; sourceTree = "<group>"; };
		D31DE65C1E1FAC5900C48A9E /* Auli'i_Cravalho.jpg */ = {isa = PBXFileReference; lastKnownFileType = image.jpeg; name = "Auli'i_Cravalho.jpg"; path = "content/images/Actors/Auli'i_Cravalho.jpg"; sourceTree = "<group>"; };
		D31DE65D1E1FAC5900C48A9E /* Ellen_Page.jpg */ = {isa = PBXFileReference; lastKnownFileType = image.jpeg; name = Ellen_Page.jpg; path = content/images/Actors/Ellen_Page.jpg; sourceTree = "<group>"; };
		D31DE65E1E1FAC5900C48A9E /* Joseph_Gordon-Levitt.jpg */ = {isa = PBXFileReference; lastKnownFileType = image.jpeg; name = "Joseph_Gordon-Levitt.jpg"; path = "content/images/Actors/Joseph_Gordon-Levitt.jpg"; sourceTree = "<group>"; };
		D31DE65F1E1FAC5900C48A9E /* Leonardo_DiCaprio.jpg */ = {isa = PBXFileReference; lastKnownFileType = image.jpeg; name = Leonardo_DiCaprio.jpg; path = content/images/Actors/Leonardo_DiCaprio.jpg; sourceTree = "<group>"; };
		D31DE6601E1FAC5900C48A9E /* Sally_Field.jpg */ = {isa = PBXFileReference; lastKnownFileType = image.jpeg; name = Sally_Field.jpg; path = content/images/Actors/Sally_Field.jpg; sourceTree = "<group>"; };
		D31DE6611E1FAC5900C48A9E /* Tom_Hanks.jpg */ = {isa = PBXFileReference; lastKnownFileType = image.jpeg; name = Tom_Hanks.jpg; path = content/images/Actors/Tom_Hanks.jpg; sourceTree = "<group>"; };
		D31DE6621E1FAC5900C48A9E /* Meat_Loaf.jpg */ = {isa = PBXFileReference; lastKnownFileType = image.jpeg; name = Meat_Loaf.jpg; path = content/images/Actors/Meat_Loaf.jpg; sourceTree = "<group>"; };
		D31DE6631E1FAC5900C48A9E /* Brad_Pitt.jpg */ = {isa = PBXFileReference; lastKnownFileType = image.jpeg; name = Brad_Pitt.jpg; path = content/images/Actors/Brad_Pitt.jpg; sourceTree = "<group>"; };
		D31DE6641E1FAC5900C48A9E /* Edward_Norton.jpg */ = {isa = PBXFileReference; lastKnownFileType = image.jpeg; name = Edward_Norton.jpg; path = content/images/Actors/Edward_Norton.jpg; sourceTree = "<group>"; };
		D31DE6651E1FAC5900C48A9E /* Zooey_Deschanel.jpg */ = {isa = PBXFileReference; lastKnownFileType = image.jpeg; name = Zooey_Deschanel.jpg; path = content/images/Actors/Zooey_Deschanel.jpg; sourceTree = "<group>"; };
		D31DE6661E1FAC5900C48A9E /* Justin_Timberlake.jpg */ = {isa = PBXFileReference; lastKnownFileType = image.jpeg; name = Justin_Timberlake.jpg; path = content/images/Actors/Justin_Timberlake.jpg; sourceTree = "<group>"; };
		D31DE6671E1FAC5900C48A9E /* Anna_Kendrick.jpg */ = {isa = PBXFileReference; lastKnownFileType = image.jpeg; name = Anna_Kendrick.jpg; path = content/images/Actors/Anna_Kendrick.jpg; sourceTree = "<group>"; };
		D31DE6681E1FAC5900C48A9E /* Rachel_McAdams.jpg */ = {isa = PBXFileReference; lastKnownFileType = image.jpeg; name = Rachel_McAdams.jpg; path = content/images/Actors/Rachel_McAdams.jpg; sourceTree = "<group>"; };
		D31DE6691E1FAC5900C48A9E /* Chiwetel_Ejiofor.jpg */ = {isa = PBXFileReference; lastKnownFileType = image.jpeg; name = Chiwetel_Ejiofor.jpg; path = content/images/Actors/Chiwetel_Ejiofor.jpg; sourceTree = "<group>"; };
		D31DE66A1E1FAC5900C48A9E /* Benedict_Cumberbatch.jpg */ = {isa = PBXFileReference; lastKnownFileType = image.jpeg; name = Benedict_Cumberbatch.jpg; path = content/images/Actors/Benedict_Cumberbatch.jpg; sourceTree = "<group>"; };
		D329A4E61E3181F500AFB20C /* blue.png */ = {isa = PBXFileReference; lastKnownFileType = image.png; name = blue.png; path = content/images/blue.png; sourceTree = "<group>"; };
		D329A4E71E3181F500AFB20C /* white.png */ = {isa = PBXFileReference; lastKnownFileType = image.png; name = white.png; path = content/images/white.png; sourceTree = "<group>"; };
		D329A4EA1E31828E00AFB20C /* darkblue.png */ = {isa = PBXFileReference; lastKnownFileType = image.png; name = darkblue.png; path = content/images/darkblue.png; sourceTree = "<group>"; };
		D329A4EC1E319A9500AFB20C /* Settings.json */ = {isa = PBXFileReference; fileEncoding = 4; lastKnownFileType = text.json; name = Settings.json; path = content/data/Settings.json; sourceTree = "<group>"; };
		D33FA4151E007DAA005C8BCA /* IP5_Horizon.app */ = {isa = PBXFileReference; explicitFileType = wrapper.application; includeInIndex = 0; path = IP5_Horizon.app; sourceTree = BUILT_PRODUCTS_DIR; };
		D33FA4181E007DAA005C8BCA /* AppDelegate.swift */ = {isa = PBXFileReference; lastKnownFileType = sourcecode.swift; path = AppDelegate.swift; sourceTree = "<group>"; };
		D33FA41C1E007DAA005C8BCA /* Assets.xcassets */ = {isa = PBXFileReference; lastKnownFileType = folder.assetcatalog; path = Assets.xcassets; sourceTree = "<group>"; };
		D33FA41E1E007DAA005C8BCA /* Info.plist */ = {isa = PBXFileReference; lastKnownFileType = text.plist.xml; path = Info.plist; sourceTree = "<group>"; };
		D33FA4231E007DAA005C8BCA /* IP5_HorizonTests.xctest */ = {isa = PBXFileReference; explicitFileType = wrapper.cfbundle; includeInIndex = 0; path = IP5_HorizonTests.xctest; sourceTree = BUILT_PRODUCTS_DIR; };
		D33FA4271E007DAA005C8BCA /* IP5_HorizonTests.swift */ = {isa = PBXFileReference; lastKnownFileType = sourcecode.swift; path = IP5_HorizonTests.swift; sourceTree = "<group>"; };
		D33FA4291E007DAA005C8BCA /* Info.plist */ = {isa = PBXFileReference; lastKnownFileType = text.plist.xml; path = Info.plist; sourceTree = "<group>"; };
		D33FA42E1E007DAA005C8BCA /* IP5_HorizonUITests.xctest */ = {isa = PBXFileReference; explicitFileType = wrapper.cfbundle; includeInIndex = 0; path = IP5_HorizonUITests.xctest; sourceTree = BUILT_PRODUCTS_DIR; };
		D33FA4321E007DAA005C8BCA /* IP5_HorizonUITests.swift */ = {isa = PBXFileReference; lastKnownFileType = sourcecode.swift; path = IP5_HorizonUITests.swift; sourceTree = "<group>"; };
		D33FA4341E007DAA005C8BCA /* Info.plist */ = {isa = PBXFileReference; lastKnownFileType = text.plist.xml; path = Info.plist; sourceTree = "<group>"; };
		D33FA4411E007E54005C8BCA /* RessourceLoader.swift */ = {isa = PBXFileReference; fileEncoding = 4; lastKnownFileType = sourcecode.swift; path = RessourceLoader.swift; sourceTree = "<group>"; };
		D33FA44A1E00855C005C8BCA /* main.js */ = {isa = PBXFileReference; fileEncoding = 4; lastKnownFileType = sourcecode.javascript; path = main.js; sourceTree = "<group>"; };
		D33FA44C1E008652005C8BCA /* rootMenu.tvml */ = {isa = PBXFileReference; fileEncoding = 4; lastKnownFileType = text.xml; name = rootMenu.tvml; path = layouts/rootMenu.tvml; sourceTree = "<group>"; };
		D33FA44D1E008652005C8BCA /* myVideo.tvml */ = {isa = PBXFileReference; fileEncoding = 4; lastKnownFileType = text.xml; name = myVideo.tvml; path = layouts/myVideo.tvml; sourceTree = "<group>"; };
		D33FA44E1E008652005C8BCA /* homeScreen.tvml */ = {isa = PBXFileReference; fileEncoding = 4; lastKnownFileType = text.xml; name = homeScreen.tvml; path = layouts/homeScreen.tvml; sourceTree = "<group>"; };
		D33FA44F1E008652005C8BCA /* myPrime.tvml */ = {isa = PBXFileReference; fileEncoding = 4; lastKnownFileType = text.xml; name = myPrime.tvml; path = layouts/myPrime.tvml; sourceTree = "<group>"; };
		D33FA4501E008652005C8BCA /* LiveTV.tvml */ = {isa = PBXFileReference; fileEncoding = 4; lastKnownFileType = text.xml; name = LiveTV.tvml; path = layouts/LiveTV.tvml; sourceTree = "<group>"; };
		D33FA4511E008652005C8BCA /* video.tvml */ = {isa = PBXFileReference; fileEncoding = 4; lastKnownFileType = text.xml; name = video.tvml; path = layouts/video.tvml; sourceTree = "<group>"; };
		D33FA4531E008652005C8BCA /* Settings.tvml */ = {isa = PBXFileReference; fileEncoding = 4; lastKnownFileType = text.xml; name = Settings.tvml; path = layouts/Settings.tvml; sourceTree = "<group>"; };
		D33FA4541E008652005C8BCA /* videoRating.tvml */ = {isa = PBXFileReference; fileEncoding = 4; lastKnownFileType = text.xml; name = videoRating.tvml; path = layouts/videoRating.tvml; sourceTree = "<group>"; };
		D33FA4551E008652005C8BCA /* Search.tvml */ = {isa = PBXFileReference; fileEncoding = 4; lastKnownFileType = text.xml; name = Search.tvml; path = layouts/Search.tvml; sourceTree = "<group>"; };
		D33FA4561E008652005C8BCA /* expandedDetailText.tvml */ = {isa = PBXFileReference; fileEncoding = 4; lastKnownFileType = text.xml; name = expandedDetailText.tvml; path = layouts/expandedDetailText.tvml; sourceTree = "<group>"; };
		D33FA4571E008652005C8BCA /* _searchResult.tvml */ = {isa = PBXFileReference; fileEncoding = 4; lastKnownFileType = text; name = _searchResult.tvml; path = layouts/_searchResult.tvml; sourceTree = "<group>"; };
		D33FA4581E008652005C8BCA /* photos.tvml */ = {isa = PBXFileReference; fileEncoding = 4; lastKnownFileType = text.xml; name = photos.tvml; path = layouts/photos.tvml; sourceTree = "<group>"; };
		D33FA4591E008652005C8BCA /* videoLogoOverlay.tvml */ = {isa = PBXFileReference; fileEncoding = 4; lastKnownFileType = text.xml; name = videoLogoOverlay.tvml; path = layouts/videoLogoOverlay.tvml; sourceTree = "<group>"; };
		D33FA4681E0086A6005C8BCA /* Presenter.js */ = {isa = PBXFileReference; fileEncoding = 4; lastKnownFileType = sourcecode.javascript; name = Presenter.js; path = utilities/Presenter.js; sourceTree = "<group>"; };
		D33FA4691E0086A6005C8BCA /* SearchHandler.js */ = {isa = PBXFileReference; fileEncoding = 4; lastKnownFileType = sourcecode.javascript; name = SearchHandler.js; path = utilities/SearchHandler.js; sourceTree = "<group>"; };
		D33FA46A1E0086A6005C8BCA /* ResourceLoader.js */ = {isa = PBXFileReference; fileEncoding = 4; lastKnownFileType = sourcecode.javascript; name = ResourceLoader.js; path = utilities/ResourceLoader.js; sourceTree = "<group>"; };
		D33FA46B1E0086A6005C8BCA /* EventHandler.js */ = {isa = PBXFileReference; fileEncoding = 4; lastKnownFileType = sourcecode.javascript; name = EventHandler.js; path = utilities/EventHandler.js; sourceTree = "<group>"; };
		D33FA46C1E0086A6005C8BCA /* DataController.js */ = {isa = PBXFileReference; fileEncoding = 4; lastKnownFileType = sourcecode.javascript; name = DataController.js; path = utilities/DataController.js; sourceTree = "<group>"; };
		D33FA4721E008814005C8BCA /* mustache.min.js */ = {isa = PBXFileReference; fileEncoding = 4; lastKnownFileType = sourcecode.javascript; name = mustache.min.js; path = "3rd party/mustache.min.js"; sourceTree = "<group>"; };
		D33FA4771E008851005C8BCA /* blueclouds.png */ = {isa = PBXFileReference; lastKnownFileType = image.png; name = blueclouds.png; path = content/images/blueclouds.png; sourceTree = "<group>"; };
		D33FA4791E008861005C8BCA /* DoctorStrange.jpg */ = {isa = PBXFileReference; lastKnownFileType = image.jpeg; name = DoctorStrange.jpg; path = content/images/Movies/DoctorStrange.jpg; sourceTree = "<group>"; };
		D33FA47A1E008861005C8BCA /* FantasticBeasts.jpg */ = {isa = PBXFileReference; lastKnownFileType = image.jpeg; name = FantasticBeasts.jpg; path = content/images/Movies/FantasticBeasts.jpg; sourceTree = "<group>"; };
		D33FA47B1E008861005C8BCA /* FightClub.jpg */ = {isa = PBXFileReference; lastKnownFileType = image.jpeg; name = FightClub.jpg; path = content/images/Movies/FightClub.jpg; sourceTree = "<group>"; };
		D33FA47C1E008861005C8BCA /* ForrestGump.jpg */ = {isa = PBXFileReference; lastKnownFileType = image.jpeg; name = ForrestGump.jpg; path = content/images/Movies/ForrestGump.jpg; sourceTree = "<group>"; };
		D33FA47D1E008861005C8BCA /* Inception.jpg */ = {isa = PBXFileReference; lastKnownFileType = image.jpeg; name = Inception.jpg; path = content/images/Movies/Inception.jpg; sourceTree = "<group>"; };
		D33FA47E1E008861005C8BCA /* Moana.jpg */ = {isa = PBXFileReference; lastKnownFileType = image.jpeg; name = Moana.jpg; path = content/images/Movies/Moana.jpg; sourceTree = "<group>"; };
		D33FA47F1E008861005C8BCA /* PulpFiction.jpg */ = {isa = PBXFileReference; lastKnownFileType = image.jpeg; name = PulpFiction.jpg; path = content/images/Movies/PulpFiction.jpg; sourceTree = "<group>"; };
		D33FA4801E008861005C8BCA /* TheDarkKnight.jpg */ = {isa = PBXFileReference; lastKnownFileType = image.jpeg; name = TheDarkKnight.jpg; path = content/images/Movies/TheDarkKnight.jpg; sourceTree = "<group>"; };
		D33FA4811E008861005C8BCA /* TheGodfather.jpg */ = {isa = PBXFileReference; lastKnownFileType = image.jpeg; name = TheGodfather.jpg; path = content/images/Movies/TheGodfather.jpg; sourceTree = "<group>"; };
		D33FA4821E008861005C8BCA /* Trolls.jpg */ = {isa = PBXFileReference; lastKnownFileType = image.jpeg; name = Trolls.jpg; path = content/images/Movies/Trolls.jpg; sourceTree = "<group>"; };
		D33FA48D1E00886E005C8BCA /* upclogo_1.png */ = {isa = PBXFileReference; lastKnownFileType = image.png; name = upclogo_1.png; path = content/images/Logos/upclogo_1.png; sourceTree = "<group>"; };
		D33FA48E1E00886E005C8BCA /* upclogo_2.png */ = {isa = PBXFileReference; lastKnownFileType = image.png; name = upclogo_2.png; path = content/images/Logos/upclogo_2.png; sourceTree = "<group>"; };
		D33FA4911E00887D005C8BCA /* MyVideo.json */ = {isa = PBXFileReference; fileEncoding = 4; lastKnownFileType = text.json; name = MyVideo.json; path = content/data/MyVideo.json; sourceTree = "<group>"; };
		D33FA4921E00887D005C8BCA /* LiveTV.json */ = {isa = PBXFileReference; fileEncoding = 4; lastKnownFileType = text.json; name = LiveTV.json; path = content/data/LiveTV.json; sourceTree = "<group>"; };
		D33FA4931E00887D005C8BCA /* search.json */ = {isa = PBXFileReference; fileEncoding = 4; lastKnownFileType = text.json; name = search.json; path = content/data/search.json; sourceTree = "<group>"; };
		D33FA4941E00887D005C8BCA /* myPrime.json */ = {isa = PBXFileReference; fileEncoding = 4; lastKnownFileType = text.json; name = myPrime.json; path = content/data/myPrime.json; sourceTree = "<group>"; };
		D33FA4951E00887D005C8BCA /* videoDatabase.json */ = {isa = PBXFileReference; fileEncoding = 4; lastKnownFileType = text.json; name = videoDatabase.json; path = content/data/videoDatabase.json; sourceTree = "<group>"; };
		D33FA4961E00887D005C8BCA /* homeScreen.json */ = {isa = PBXFileReference; fileEncoding = 4; lastKnownFileType = text.json; name = homeScreen.json; path = content/data/homeScreen.json; sourceTree = "<group>"; };
		D33FA49E1E008893005C8BCA /* DoctorStrange.json */ = {isa = PBXFileReference; fileEncoding = 4; lastKnownFileType = text.json; name = DoctorStrange.json; path = content/data/Videos/DoctorStrange.json; sourceTree = "<group>"; };
		D33FA49F1E008893005C8BCA /* Trolls.json */ = {isa = PBXFileReference; fileEncoding = 4; lastKnownFileType = text.json; name = Trolls.json; path = content/data/Videos/Trolls.json; sourceTree = "<group>"; };
		D33FA4A01E008893005C8BCA /* Inception.json */ = {isa = PBXFileReference; fileEncoding = 4; lastKnownFileType = text.json; name = Inception.json; path = content/data/Videos/Inception.json; sourceTree = "<group>"; };
		D33FA4A11E008893005C8BCA /* Moana.json */ = {isa = PBXFileReference; fileEncoding = 4; lastKnownFileType = text.json; name = Moana.json; path = content/data/Videos/Moana.json; sourceTree = "<group>"; };
		D33FA4A21E008893005C8BCA /* FightClub.json */ = {isa = PBXFileReference; fileEncoding = 4; lastKnownFileType = text.json; name = FightClub.json; path = content/data/Videos/FightClub.json; sourceTree = "<group>"; };
		D33FA4A31E008893005C8BCA /* ForrestGump.json */ = {isa = PBXFileReference; fileEncoding = 4; lastKnownFileType = text.json; name = ForrestGump.json; path = content/data/Videos/ForrestGump.json; sourceTree = "<group>"; };
		D33FA4AA1E0088A6005C8BCA /* DoctorStrange.mp4 */ = {isa = PBXFileReference; lastKnownFileType = file; name = DoctorStrange.mp4; path = content/videos/DoctorStrange.mp4; sourceTree = "<group>"; };
		D34FD1E81E243A30000BDF25 /* tvGuideDatabase.json */ = {isa = PBXFileReference; fileEncoding = 4; lastKnownFileType = text.json; name = tvGuideDatabase.json; path = content/data/tvGuideDatabase.json; sourceTree = "<group>"; };
		D34FD1EA1E243A3E000BDF25 /* tvguideS_past.tvml */ = {isa = PBXFileReference; fileEncoding = 4; lastKnownFileType = text.xml; name = tvguideS_past.tvml; path = layouts/tvguideS_past.tvml; sourceTree = "<group>"; };
		D34FD1EB1E243A3E000BDF25 /* tvguideS_future.tvml */ = {isa = PBXFileReference; fileEncoding = 4; lastKnownFileType = text.xml; name = tvguideS_future.tvml; path = layouts/tvguideS_future.tvml; sourceTree = "<group>"; };
		D34FD1EC1E243A3E000BDF25 /* tvguideS_now.tvml */ = {isa = PBXFileReference; fileEncoding = 4; lastKnownFileType = text.xml; name = tvguideS_now.tvml; path = layouts/tvguideS_now.tvml; sourceTree = "<group>"; };
		D34FD1ED1E243A3E000BDF25 /* tvguideM_now.tvml */ = {isa = PBXFileReference; fileEncoding = 4; lastKnownFileType = text.xml; name = tvguideM_now.tvml; path = layouts/tvguideM_now.tvml; sourceTree = "<group>"; };
		D34FD1EE1E243A3E000BDF25 /* tvguideM_future.tvml */ = {isa = PBXFileReference; fileEncoding = 4; lastKnownFileType = text.xml; name = tvguideM_future.tvml; path = layouts/tvguideM_future.tvml; sourceTree = "<group>"; };
		D34FD1EF1E243A3E000BDF25 /* tvguideM_past.tvml */ = {isa = PBXFileReference; fileEncoding = 4; lastKnownFileType = text.xml; name = tvguideM_past.tvml; path = layouts/tvguideM_past.tvml; sourceTree = "<group>"; };
		D3C9E2D81E22701E0034E466 /* series.tvml */ = {isa = PBXFileReference; fileEncoding = 4; lastKnownFileType = text; name = series.tvml; path = layouts/series.tvml; sourceTree = "<group>"; };
		D3C9E2DC1E2274730034E466 /* NewGirl.json */ = {isa = PBXFileReference; fileEncoding = 4; lastKnownFileType = text.json; name = NewGirl.json; path = content/data/Series/NewGirl.json; sourceTree = "<group>"; };
		D3C9E2E31E2283970034E466 /* NewGirl16.json */ = {isa = PBXFileReference; fileEncoding = 4; lastKnownFileType = text.json; name = NewGirl16.json; path = content/data/Series/NewGirl16.json; sourceTree = "<group>"; };
		D3C9E2E41E2283970034E466 /* NewGirl15.json */ = {isa = PBXFileReference; fileEncoding = 4; lastKnownFileType = text.json; name = NewGirl15.json; path = content/data/Series/NewGirl15.json; sourceTree = "<group>"; };
		D3C9E2E51E2283970034E466 /* NewGirl14.json */ = {isa = PBXFileReference; fileEncoding = 4; lastKnownFileType = text.json; name = NewGirl14.json; path = content/data/Series/NewGirl14.json; sourceTree = "<group>"; };
		D3C9E2E61E2283970034E466 /* NewGirl13.json */ = {isa = PBXFileReference; fileEncoding = 4; lastKnownFileType = text.json; name = NewGirl13.json; path = content/data/Series/NewGirl13.json; sourceTree = "<group>"; };
		D3C9E2E71E2283970034E466 /* NewGirl12.json */ = {isa = PBXFileReference; fileEncoding = 4; lastKnownFileType = text.json; name = NewGirl12.json; path = content/data/Series/NewGirl12.json; sourceTree = "<group>"; };
		D3C9E2E81E2283970034E466 /* NewGirl11.json */ = {isa = PBXFileReference; fileEncoding = 4; lastKnownFileType = text.json; name = NewGirl11.json; path = content/data/Series/NewGirl11.json; sourceTree = "<group>"; };
		D3C9E2EF1E2283A30034E466 /* seriesDatabase.json */ = {isa = PBXFileReference; fileEncoding = 4; lastKnownFileType = text.json; name = seriesDatabase.json; path = content/data/seriesDatabase.json; sourceTree = "<group>"; };
		D3C9E2F51E2284820034E466 /* NewGirl1.jpg */ = {isa = PBXFileReference; lastKnownFileType = image.jpeg; name = NewGirl1.jpg; path = content/images/Series/NewGirl1.jpg; sourceTree = "<group>"; };
		D3CA78C81E22EB7100BD7FE1 /* HouseofCards1.jpg */ = {isa = PBXFileReference; lastKnownFileType = image.jpeg; name = HouseofCards1.jpg; path = content/images/Series/HouseofCards1.jpg; sourceTree = "<group>"; };
		D3CA78CA1E22EB7A00BD7FE1 /* Spongebob1.jpg */ = {isa = PBXFileReference; lastKnownFileType = image.jpeg; name = Spongebob1.jpg; path = content/images/Series/Spongebob1.jpg; sourceTree = "<group>"; };
		D3CA78CC1E22ED4900BD7FE1 /* Spongebob13.json */ = {isa = PBXFileReference; fileEncoding = 4; lastKnownFileType = text.json; name = Spongebob13.json; path = content/data/Series/Spongebob13.json; sourceTree = "<group>"; };
		D3CA78CD1E22ED4900BD7FE1 /* Spongebob11.json */ = {isa = PBXFileReference; fileEncoding = 4; lastKnownFileType = text.json; name = Spongebob11.json; path = content/data/Series/Spongebob11.json; sourceTree = "<group>"; };
		D3CA78CE1E22ED4900BD7FE1 /* Spongebob12.json */ = {isa = PBXFileReference; fileEncoding = 4; lastKnownFileType = text.json; name = Spongebob12.json; path = content/data/Series/Spongebob12.json; sourceTree = "<group>"; };
		D3CA78CF1E22ED4900BD7FE1 /* HouseofCards13.json */ = {isa = PBXFileReference; fileEncoding = 4; lastKnownFileType = text.json; name = HouseofCards13.json; path = content/data/Series/HouseofCards13.json; sourceTree = "<group>"; };
		D3CA78D01E22ED4900BD7FE1 /* HouseofCards12.json */ = {isa = PBXFileReference; fileEncoding = 4; lastKnownFileType = text.json; name = HouseofCards12.json; path = content/data/Series/HouseofCards12.json; sourceTree = "<group>"; };
		D3CA78D11E22ED4900BD7FE1 /* HouseofCards11.json */ = {isa = PBXFileReference; fileEncoding = 4; lastKnownFileType = text.json; name = HouseofCards11.json; path = content/data/Series/HouseofCards11.json; sourceTree = "<group>"; };
		D3CB64401E1685F80058E34C /* tvGuide.tvml */ = {isa = PBXFileReference; fileEncoding = 4; lastKnownFileType = text; name = tvGuide.tvml; path = layouts/tvGuide.tvml; sourceTree = "<group>"; };
		D3CB64421E168AA60058E34C /* tvGuide.json */ = {isa = PBXFileReference; fileEncoding = 4; lastKnownFileType = text.json; name = tvGuide.json; path = content/data/tvGuide.json; sourceTree = "<group>"; };
		D3CB64441E16BDAD0058E34C /* prosieben_hd.jpg */ = {isa = PBXFileReference; lastKnownFileType = image.jpeg; name = prosieben_hd.jpg; path = content/images/Logos/prosieben_hd.jpg; sourceTree = "<group>"; };
		D3CB64461E16BDB80058E34C /* halblogo.png */ = {isa = PBXFileReference; lastKnownFileType = image.png; name = halblogo.png; path = content/images/Logos/halblogo.png; sourceTree = "<group>"; };
		D3CB64481E16C96A0058E34C /* p7maxxhd-logo-weiß.jpg */ = {isa = PBXFileReference; lastKnownFileType = image.jpeg; name = "p7maxxhd-logo-weiß.jpg"; path = "content/images/Logos/p7maxxhd-logo-weiß.jpg"; sourceTree = "<group>"; };
		D3CB64491E16C96A0058E34C /* logo_gross.png */ = {isa = PBXFileReference; lastKnownFileType = image.png; name = logo_gross.png; path = content/images/Logos/logo_gross.png; sourceTree = "<group>"; };
		D3CB644A1E16C96A0058E34C /* logo_klein5.png */ = {isa = PBXFileReference; lastKnownFileType = image.png; name = logo_klein5.png; path = content/images/Logos/logo_klein5.png; sourceTree = "<group>"; };
		D3CB644B1E16C96A0058E34C /* logo_klein6.png */ = {isa = PBXFileReference; lastKnownFileType = image.png; name = logo_klein6.png; path = content/images/Logos/logo_klein6.png; sourceTree = "<group>"; };
		D3CB644C1E16C96A0058E34C /* logoklein7.png */ = {isa = PBXFileReference; lastKnownFileType = image.png; name = logoklein7.png; path = content/images/Logos/logoklein7.png; sourceTree = "<group>"; };
		D3CB644D1E16C96A0058E34C /* ZDF-Logo.png */ = {isa = PBXFileReference; lastKnownFileType = image.png; name = "ZDF-Logo.png"; path = "content/images/Logos/ZDF-Logo.png"; sourceTree = "<group>"; };
		D3CB644F1E16C96A0058E34C /* RTL_HD.png */ = {isa = PBXFileReference; lastKnownFileType = image.png; name = RTL_HD.png; path = content/images/Logos/RTL_HD.png; sourceTree = "<group>"; };
		D3CB64511E16C96A0058E34C /* logo_orf1HD.png */ = {isa = PBXFileReference; lastKnownFileType = image.png; name = logo_orf1HD.png; path = content/images/Logos/logo_orf1HD.png; sourceTree = "<group>"; };
		D3CB64531E16C96A0058E34C /* logo_srf2HD.png */ = {isa = PBXFileReference; lastKnownFileType = image.png; name = logo_srf2HD.png; path = content/images/Logos/logo_srf2HD.png; sourceTree = "<group>"; };
		D3CB64601E16CB0C0058E34C /* Sat1.png */ = {isa = PBXFileReference; lastKnownFileType = image.png; name = Sat1.png; path = content/images/Logos/Sat1.png; sourceTree = "<group>"; };
		D3CB64611E16CB0C0058E34C /* ORF2.png */ = {isa = PBXFileReference; lastKnownFileType = image.png; name = ORF2.png; path = content/images/Logos/ORF2.png; sourceTree = "<group>"; };
		D3CB64621E16CB0C0058E34C /* 3plus_HD.png */ = {isa = PBXFileReference; lastKnownFileType = image.png; name = 3plus_HD.png; path = content/images/Logos/3plus_HD.png; sourceTree = "<group>"; };
		D3D91D5B1E1545E300AFD9B8 /* horizonlogo.png */ = {isa = PBXFileReference; lastKnownFileType = image.png; name = horizonlogo.png; path = content/images/Logos/horizonlogo.png; sourceTree = "<group>"; };
		D3D91D5D1E154A9700AFD9B8 /* horizonlogo_small.png */ = {isa = PBXFileReference; lastKnownFileType = image.png; name = horizonlogo_small.png; path = content/images/Logos/horizonlogo_small.png; sourceTree = "<group>"; };
		D3D91D5F1E154B8A00AFD9B8 /* background_small.png */ = {isa = PBXFileReference; lastKnownFileType = image.png; name = background_small.png; path = content/images/background_small.png; sourceTree = "<group>"; };
		D3D91D601E154B8A00AFD9B8 /* background.png */ = {isa = PBXFileReference; lastKnownFileType = image.png; name = background.png; path = content/images/background.png; sourceTree = "<group>"; };
		D3D91D631E154CC800AFD9B8 /* horizonlogo_very_small.png */ = {isa = PBXFileReference; lastKnownFileType = image.png; name = horizonlogo_very_small.png; path = content/images/Logos/horizonlogo_very_small.png; sourceTree = "<group>"; };
		D3D91D651E154D0800AFD9B8 /* upclogo_2_small.png */ = {isa = PBXFileReference; lastKnownFileType = image.png; name = upclogo_2_small.png; path = content/images/Logos/upclogo_2_small.png; sourceTree = "<group>"; };
		D3D91D671E15520400AFD9B8 /* logo_klein4.png */ = {isa = PBXFileReference; lastKnownFileType = image.png; name = logo_klein4.png; path = content/images/Logos/logo_klein4.png; sourceTree = "<group>"; };
		D3D91D681E15520400AFD9B8 /* logo_klein3.png */ = {isa = PBXFileReference; lastKnownFileType = image.png; name = logo_klein3.png; path = content/images/Logos/logo_klein3.png; sourceTree = "<group>"; };
		D3D91D691E15520400AFD9B8 /* logo_klein2.png */ = {isa = PBXFileReference; lastKnownFileType = image.png; name = logo_klein2.png; path = content/images/Logos/logo_klein2.png; sourceTree = "<group>"; };
		D3D91D6A1E15520400AFD9B8 /* logo_klein.png */ = {isa = PBXFileReference; lastKnownFileType = image.png; name = logo_klein.png; path = content/images/Logos/logo_klein.png; sourceTree = "<group>"; };
		D3F0718C1E30188A006716B6 /* srf1_logo.png */ = {isa = PBXFileReference; lastKnownFileType = image.png; name = srf1_logo.png; path = content/images/Logos/srf1_logo.png; sourceTree = "<group>"; };
		D3F0718D1E30188A006716B6 /* halblogo_middle.png */ = {isa = PBXFileReference; lastKnownFileType = image.png; name = halblogo_middle.png; path = content/images/Logos/halblogo_middle.png; sourceTree = "<group>"; };
		D3F0718E1E30188A006716B6 /* logo_schrift.png */ = {isa = PBXFileReference; lastKnownFileType = image.png; name = logo_schrift.png; path = content/images/Logos/logo_schrift.png; sourceTree = "<group>"; };
		D3F071921E3022CD006716B6 /* screenshot_dmax.png */ = {isa = PBXFileReference; lastKnownFileType = image.png; name = screenshot_dmax.png; path = content/images/Screenshots/screenshot_dmax.png; sourceTree = "<group>"; };
		D3F071931E3022CD006716B6 /* screenshot_zdf.png */ = {isa = PBXFileReference; lastKnownFileType = image.png; name = screenshot_zdf.png; path = content/images/Screenshots/screenshot_zdf.png; sourceTree = "<group>"; };
		D3F071941E3022CD006716B6 /* screenshot_rtl2.png */ = {isa = PBXFileReference; lastKnownFileType = image.png; name = screenshot_rtl2.png; path = content/images/Screenshots/screenshot_rtl2.png; sourceTree = "<group>"; };
		D3F071981E3022D9006716B6 /* DMAX.png */ = {isa = PBXFileReference; lastKnownFileType = image.png; name = DMAX.png; path = content/images/Logos/DMAX.png; sourceTree = "<group>"; };
		D3F071991E3022D9006716B6 /* RTL-II-Logo.png */ = {isa = PBXFileReference; lastKnownFileType = image.png; name = "RTL-II-Logo.png"; path = "content/images/Logos/RTL-II-Logo.png"; sourceTree = "<group>"; };
		D3F0719A1E3022D9006716B6 /* Kabel_eins_HD_Logo.png */ = {isa = PBXFileReference; lastKnownFileType = image.png; name = Kabel_eins_HD_Logo.png; path = content/images/Logos/Kabel_eins_HD_Logo.png; sourceTree = "<group>"; };
		D3FAB4AA1E2FD68A00A94640 /* screenshot_rtl.png */ = {isa = PBXFileReference; lastKnownFileType = image.png; name = screenshot_rtl.png; path = content/images/Screenshots/screenshot_rtl.png; sourceTree = "<group>"; };
		D3FAB4AB1E2FD68A00A94640 /* screenshot_sat1.png */ = {isa = PBXFileReference; lastKnownFileType = image.png; name = screenshot_sat1.png; path = content/images/Screenshots/screenshot_sat1.png; sourceTree = "<group>"; };
		D3FAB4AC1E2FD68A00A94640 /* screenshot_orf1.png */ = {isa = PBXFileReference; lastKnownFileType = image.png; name = screenshot_orf1.png; path = content/images/Screenshots/screenshot_orf1.png; sourceTree = "<group>"; };
		D3FAB4AD1E2FD68A00A94640 /* screenshot_kabel1.png */ = {isa = PBXFileReference; lastKnownFileType = image.png; name = screenshot_kabel1.png; path = content/images/Screenshots/screenshot_kabel1.png; sourceTree = "<group>"; };
		D3FAB4AE1E2FD68A00A94640 /* screenshot_3+.png */ = {isa = PBXFileReference; lastKnownFileType = image.png; name = "screenshot_3+.png"; path = "content/images/Screenshots/screenshot_3+.png"; sourceTree = "<group>"; };
		D3FAB4AF1E2FD68A00A94640 /* screenshot_orf2.png */ = {isa = PBXFileReference; lastKnownFileType = image.png; name = screenshot_orf2.png; path = content/images/Screenshots/screenshot_orf2.png; sourceTree = "<group>"; };
		D3FAB4B01E2FD68A00A94640 /* screenshot_pro7.png */ = {isa = PBXFileReference; lastKnownFileType = image.png; name = screenshot_pro7.png; path = content/images/Screenshots/screenshot_pro7.png; sourceTree = "<group>"; };
		D3FAB4B11E2FD68A00A94640 /* screenshot_srf2.png */ = {isa = PBXFileReference; lastKnownFileType = image.png; name = screenshot_srf2.png; path = content/images/Screenshots/screenshot_srf2.png; sourceTree = "<group>"; };
		D3FAB4BA1E2FD77200A94640 /* screenshot_srf1.png */ = {isa = PBXFileReference; lastKnownFileType = image.png; name = screenshot_srf1.png; path = content/images/Screenshots/screenshot_srf1.png; sourceTree = "<group>"; };
/* End PBXFileReference section */

/* Begin PBXFrameworksBuildPhase section */
		D33FA4121E007DAA005C8BCA /* Frameworks */ = {
			isa = PBXFrameworksBuildPhase;
			buildActionMask = 2147483647;
			files = (
			);
			runOnlyForDeploymentPostprocessing = 0;
		};
		D33FA4201E007DAA005C8BCA /* Frameworks */ = {
			isa = PBXFrameworksBuildPhase;
			buildActionMask = 2147483647;
			files = (
			);
			runOnlyForDeploymentPostprocessing = 0;
		};
		D33FA42B1E007DAA005C8BCA /* Frameworks */ = {
			isa = PBXFrameworksBuildPhase;
			buildActionMask = 2147483647;
			files = (
			);
			runOnlyForDeploymentPostprocessing = 0;
		};
/* End PBXFrameworksBuildPhase section */

/* Begin PBXGroup section */
		D31DE6591E1FAC4B00C48A9E /* Actors */ = {
			isa = PBXGroup;
			children = (
				D31DE65A1E1FAC5900C48A9E /* Rachel_House.jpg */,
				D31DE65B1E1FAC5900C48A9E /* Dwayne_Johnson.jpg */,
				D31DE65C1E1FAC5900C48A9E /* Auli'i_Cravalho.jpg */,
				D31DE65D1E1FAC5900C48A9E /* Ellen_Page.jpg */,
				D31DE65E1E1FAC5900C48A9E /* Joseph_Gordon-Levitt.jpg */,
				D31DE65F1E1FAC5900C48A9E /* Leonardo_DiCaprio.jpg */,
				D31DE6601E1FAC5900C48A9E /* Sally_Field.jpg */,
				D31DE6611E1FAC5900C48A9E /* Tom_Hanks.jpg */,
				D31DE6621E1FAC5900C48A9E /* Meat_Loaf.jpg */,
				D31DE6631E1FAC5900C48A9E /* Brad_Pitt.jpg */,
				D31DE6641E1FAC5900C48A9E /* Edward_Norton.jpg */,
				D31DE6651E1FAC5900C48A9E /* Zooey_Deschanel.jpg */,
				D31DE6661E1FAC5900C48A9E /* Justin_Timberlake.jpg */,
				D31DE6671E1FAC5900C48A9E /* Anna_Kendrick.jpg */,
				D31DE6681E1FAC5900C48A9E /* Rachel_McAdams.jpg */,
				D31DE6691E1FAC5900C48A9E /* Chiwetel_Ejiofor.jpg */,
				D31DE66A1E1FAC5900C48A9E /* Benedict_Cumberbatch.jpg */,
			);
			name = Actors;
			sourceTree = "<group>";
		};
		D33FA40C1E007DAA005C8BCA = {
			isa = PBXGroup;
			children = (
				D33FA4171E007DAA005C8BCA /* IP5_Horizon */,
				D33FA4261E007DAA005C8BCA /* IP5_HorizonTests */,
				D33FA4311E007DAA005C8BCA /* IP5_HorizonUITests */,
				D33FA4161E007DAA005C8BCA /* Products */,
			);
			sourceTree = "<group>";
		};
		D33FA4161E007DAA005C8BCA /* Products */ = {
			isa = PBXGroup;
			children = (
				D33FA4151E007DAA005C8BCA /* IP5_Horizon.app */,
				D33FA4231E007DAA005C8BCA /* IP5_HorizonTests.xctest */,
				D33FA42E1E007DAA005C8BCA /* IP5_HorizonUITests.xctest */,
			);
			name = Products;
			sourceTree = "<group>";
		};
		D33FA4171E007DAA005C8BCA /* IP5_Horizon */ = {
			isa = PBXGroup;
			children = (
				D33FA4401E007E07005C8BCA /* App Ressources */,
				D33FA4181E007DAA005C8BCA /* AppDelegate.swift */,
				D33FA4411E007E54005C8BCA /* RessourceLoader.swift */,
				D33FA41C1E007DAA005C8BCA /* Assets.xcassets */,
				D33FA41E1E007DAA005C8BCA /* Info.plist */,
				D33FA44A1E00855C005C8BCA /* main.js */,
			);
			path = IP5_Horizon;
			sourceTree = "<group>";
		};
		D33FA4261E007DAA005C8BCA /* IP5_HorizonTests */ = {
			isa = PBXGroup;
			children = (
				D33FA4271E007DAA005C8BCA /* IP5_HorizonTests.swift */,
				D33FA4291E007DAA005C8BCA /* Info.plist */,
			);
			path = IP5_HorizonTests;
			sourceTree = "<group>";
		};
		D33FA4311E007DAA005C8BCA /* IP5_HorizonUITests */ = {
			isa = PBXGroup;
			children = (
				D33FA4321E007DAA005C8BCA /* IP5_HorizonUITests.swift */,
				D33FA4341E007DAA005C8BCA /* Info.plist */,
			);
			path = IP5_HorizonUITests;
			sourceTree = "<group>";
		};
		D33FA4401E007E07005C8BCA /* App Ressources */ = {
			isa = PBXGroup;
			children = (
				D33FA4461E008451005C8BCA /* 3rd party */,
				D33FA4451E008433005C8BCA /* content */,
				D33FA4441E00842D005C8BCA /* utilities */,
				D33FA4431E008426005C8BCA /* layouts */,
			);
			name = "App Ressources";
			sourceTree = "<group>";
		};
		D33FA4431E008426005C8BCA /* layouts */ = {
			isa = PBXGroup;
			children = (
				D34FD1EA1E243A3E000BDF25 /* tvguideS_past.tvml */,
				D34FD1EB1E243A3E000BDF25 /* tvguideS_future.tvml */,
				D34FD1EC1E243A3E000BDF25 /* tvguideS_now.tvml */,
				D34FD1ED1E243A3E000BDF25 /* tvguideM_now.tvml */,
				D34FD1EE1E243A3E000BDF25 /* tvguideM_future.tvml */,
				D34FD1EF1E243A3E000BDF25 /* tvguideM_past.tvml */,
				D33FA44C1E008652005C8BCA /* rootMenu.tvml */,
				D33FA44D1E008652005C8BCA /* myVideo.tvml */,
				D33FA44E1E008652005C8BCA /* homeScreen.tvml */,
				D33FA44F1E008652005C8BCA /* myPrime.tvml */,
				D33FA4501E008652005C8BCA /* LiveTV.tvml */,
				D33FA4511E008652005C8BCA /* video.tvml */,
				D33FA4531E008652005C8BCA /* Settings.tvml */,
				D33FA4541E008652005C8BCA /* videoRating.tvml */,
				D33FA4551E008652005C8BCA /* Search.tvml */,
				D33FA4561E008652005C8BCA /* expandedDetailText.tvml */,
				D33FA4571E008652005C8BCA /* _searchResult.tvml */,
				D33FA4581E008652005C8BCA /* photos.tvml */,
				D33FA4591E008652005C8BCA /* videoLogoOverlay.tvml */,
				D3CB64401E1685F80058E34C /* tvGuide.tvml */,
				D3C9E2D81E22701E0034E466 /* series.tvml */,
			);
			name = layouts;
			sourceTree = "<group>";
		};
		D33FA4441E00842D005C8BCA /* utilities */ = {
			isa = PBXGroup;
			children = (
				D33FA4681E0086A6005C8BCA /* Presenter.js */,
				D33FA4691E0086A6005C8BCA /* SearchHandler.js */,
				D33FA46A1E0086A6005C8BCA /* ResourceLoader.js */,
				D33FA46B1E0086A6005C8BCA /* EventHandler.js */,
				D33FA46C1E0086A6005C8BCA /* DataController.js */,
			);
			name = utilities;
			sourceTree = "<group>";
		};
		D33FA4451E008433005C8BCA /* content */ = {
			isa = PBXGroup;
			children = (
				D33FA4491E00846F005C8BCA /* images */,
				D33FA4481E008469005C8BCA /* data */,
				D33FA4471E008464005C8BCA /* videos */,
			);
			name = content;
			sourceTree = "<group>";
		};
		D33FA4461E008451005C8BCA /* 3rd party */ = {
			isa = PBXGroup;
			children = (
				D33FA4721E008814005C8BCA /* mustache.min.js */,
			);
			name = "3rd party";
			sourceTree = "<group>";
		};
		D33FA4471E008464005C8BCA /* videos */ = {
			isa = PBXGroup;
			children = (
				D33FA4AA1E0088A6005C8BCA /* DoctorStrange.mp4 */,
			);
			name = videos;
			sourceTree = "<group>";
		};
		D33FA4481E008469005C8BCA /* data */ = {
			isa = PBXGroup;
			children = (
				D329A4EC1E319A9500AFB20C /* Settings.json */,
				D34FD1E81E243A30000BDF25 /* tvGuideDatabase.json */,
				D3C9E2EF1E2283A30034E466 /* seriesDatabase.json */,
				D3C9E2DA1E22745B0034E466 /* Series */,
				D33FA49D1E008881005C8BCA /* Videos */,
				D33FA4911E00887D005C8BCA /* MyVideo.json */,
				D33FA4921E00887D005C8BCA /* LiveTV.json */,
				D33FA4931E00887D005C8BCA /* search.json */,
				D33FA4941E00887D005C8BCA /* myPrime.json */,
				D33FA4951E00887D005C8BCA /* videoDatabase.json */,
				D33FA4961E00887D005C8BCA /* homeScreen.json */,
				D3CB64421E168AA60058E34C /* tvGuide.json */,
			);
			name = data;
			sourceTree = "<group>";
		};
		D33FA4491E00846F005C8BCA /* images */ = {
			isa = PBXGroup;
			children = (
				D329A4EA1E31828E00AFB20C /* darkblue.png */,
				D329A4E61E3181F500AFB20C /* blue.png */,
				D329A4E71E3181F500AFB20C /* white.png */,
				D3FAB4A91E2FD67400A94640 /* Screenshots */,
				D3C9E2F41E22844C0034E466 /* Series */,
				D31DE6591E1FAC4B00C48A9E /* Actors */,
				D3D91D5F1E154B8A00AFD9B8 /* background_small.png */,
				D3D91D601E154B8A00AFD9B8 /* background.png */,
				D33FA4771E008851005C8BCA /* blueclouds.png */,
				D33FA4751E00883C005C8BCA /* Movies */,
				D33FA4741E008834005C8BCA /* Logos */,
			);
			name = images;
			sourceTree = "<group>";
		};
		D33FA4741E008834005C8BCA /* Logos */ = {
			isa = PBXGroup;
			children = (
				D3F071981E3022D9006716B6 /* DMAX.png */,
				D3F071991E3022D9006716B6 /* RTL-II-Logo.png */,
				D3F0719A1E3022D9006716B6 /* Kabel_eins_HD_Logo.png */,
				D3F0718C1E30188A006716B6 /* srf1_logo.png */,
				D3F0718D1E30188A006716B6 /* halblogo_middle.png */,
				D3F0718E1E30188A006716B6 /* logo_schrift.png */,
				D3CB64601E16CB0C0058E34C /* Sat1.png */,
				D3CB64611E16CB0C0058E34C /* ORF2.png */,
				D3CB64621E16CB0C0058E34C /* 3plus_HD.png */,
				D3CB64481E16C96A0058E34C /* p7maxxhd-logo-weiß.jpg */,
				D3CB64491E16C96A0058E34C /* logo_gross.png */,
				D3CB644A1E16C96A0058E34C /* logo_klein5.png */,
				D3CB644B1E16C96A0058E34C /* logo_klein6.png */,
				D3CB644C1E16C96A0058E34C /* logoklein7.png */,
				D3CB644D1E16C96A0058E34C /* ZDF-Logo.png */,
				D3CB644F1E16C96A0058E34C /* RTL_HD.png */,
				D3CB64511E16C96A0058E34C /* logo_orf1HD.png */,
				D3CB64531E16C96A0058E34C /* logo_srf2HD.png */,
				D3CB64461E16BDB80058E34C /* halblogo.png */,
				D3CB64441E16BDAD0058E34C /* prosieben_hd.jpg */,
				D3D91D671E15520400AFD9B8 /* logo_klein4.png */,
				D3D91D681E15520400AFD9B8 /* logo_klein3.png */,
				D3D91D691E15520400AFD9B8 /* logo_klein2.png */,
				D3D91D6A1E15520400AFD9B8 /* logo_klein.png */,
				D3D91D651E154D0800AFD9B8 /* upclogo_2_small.png */,
				D3D91D631E154CC800AFD9B8 /* horizonlogo_very_small.png */,
				D3D91D5D1E154A9700AFD9B8 /* horizonlogo_small.png */,
				D3D91D5B1E1545E300AFD9B8 /* horizonlogo.png */,
				D33FA48D1E00886E005C8BCA /* upclogo_1.png */,
				D33FA48E1E00886E005C8BCA /* upclogo_2.png */,
			);
			name = Logos;
			sourceTree = "<group>";
		};
		D33FA4751E00883C005C8BCA /* Movies */ = {
			isa = PBXGroup;
			children = (
				D33FA4791E008861005C8BCA /* DoctorStrange.jpg */,
				D33FA47A1E008861005C8BCA /* FantasticBeasts.jpg */,
				D33FA47B1E008861005C8BCA /* FightClub.jpg */,
				D33FA47C1E008861005C8BCA /* ForrestGump.jpg */,
				D33FA47D1E008861005C8BCA /* Inception.jpg */,
				D33FA47E1E008861005C8BCA /* Moana.jpg */,
				D33FA47F1E008861005C8BCA /* PulpFiction.jpg */,
				D33FA4801E008861005C8BCA /* TheDarkKnight.jpg */,
				D33FA4811E008861005C8BCA /* TheGodfather.jpg */,
				D33FA4821E008861005C8BCA /* Trolls.jpg */,
			);
			name = Movies;
			sourceTree = "<group>";
		};
		D33FA49D1E008881005C8BCA /* Videos */ = {
			isa = PBXGroup;
			children = (
				D33FA49E1E008893005C8BCA /* DoctorStrange.json */,
				D33FA49F1E008893005C8BCA /* Trolls.json */,
				D33FA4A01E008893005C8BCA /* Inception.json */,
				D33FA4A11E008893005C8BCA /* Moana.json */,
				D33FA4A21E008893005C8BCA /* FightClub.json */,
				D33FA4A31E008893005C8BCA /* ForrestGump.json */,
			);
			name = Videos;
			sourceTree = "<group>";
		};
		D3C9E2DA1E22745B0034E466 /* Series */ = {
			isa = PBXGroup;
			children = (
				D3CA78CC1E22ED4900BD7FE1 /* Spongebob13.json */,
				D3CA78CD1E22ED4900BD7FE1 /* Spongebob11.json */,
				D3CA78CE1E22ED4900BD7FE1 /* Spongebob12.json */,
				D3CA78CF1E22ED4900BD7FE1 /* HouseofCards13.json */,
				D3CA78D01E22ED4900BD7FE1 /* HouseofCards12.json */,
				D3CA78D11E22ED4900BD7FE1 /* HouseofCards11.json */,
				D3C9E2E31E2283970034E466 /* NewGirl16.json */,
				D3C9E2E41E2283970034E466 /* NewGirl15.json */,
				D3C9E2E51E2283970034E466 /* NewGirl14.json */,
				D3C9E2E61E2283970034E466 /* NewGirl13.json */,
				D3C9E2E71E2283970034E466 /* NewGirl12.json */,
				D3C9E2E81E2283970034E466 /* NewGirl11.json */,
				D3C9E2DC1E2274730034E466 /* NewGirl.json */,
			);
			name = Series;
			sourceTree = "<group>";
		};
		D3C9E2F41E22844C0034E466 /* Series */ = {
			isa = PBXGroup;
			children = (
				D3CA78C81E22EB7100BD7FE1 /* HouseofCards1.jpg */,
				D3CA78CA1E22EB7A00BD7FE1 /* Spongebob1.jpg */,
				D3C9E2F51E2284820034E466 /* NewGirl1.jpg */,
			);
			name = Series;
			sourceTree = "<group>";
		};
		D3FAB4A91E2FD67400A94640 /* Screenshots */ = {
			isa = PBXGroup;
			children = (
				D3F071921E3022CD006716B6 /* screenshot_dmax.png */,
				D3F071931E3022CD006716B6 /* screenshot_zdf.png */,
				D3F071941E3022CD006716B6 /* screenshot_rtl2.png */,
				D3FAB4BA1E2FD77200A94640 /* screenshot_srf1.png */,
				D3FAB4AA1E2FD68A00A94640 /* screenshot_rtl.png */,
				D3FAB4AB1E2FD68A00A94640 /* screenshot_sat1.png */,
				D3FAB4AC1E2FD68A00A94640 /* screenshot_orf1.png */,
				D3FAB4AD1E2FD68A00A94640 /* screenshot_kabel1.png */,
				D3FAB4AE1E2FD68A00A94640 /* screenshot_3+.png */,
				D3FAB4AF1E2FD68A00A94640 /* screenshot_orf2.png */,
				D3FAB4B01E2FD68A00A94640 /* screenshot_pro7.png */,
				D3FAB4B11E2FD68A00A94640 /* screenshot_srf2.png */,
			);
			name = Screenshots;
			sourceTree = "<group>";
		};
/* End PBXGroup section */

/* Begin PBXNativeTarget section */
		D33FA4141E007DAA005C8BCA /* IP5_Horizon */ = {
			isa = PBXNativeTarget;
			buildConfigurationList = D33FA4371E007DAA005C8BCA /* Build configuration list for PBXNativeTarget "IP5_Horizon" */;
			buildPhases = (
				D33FA4111E007DAA005C8BCA /* Sources */,
				D33FA4121E007DAA005C8BCA /* Frameworks */,
				D33FA4131E007DAA005C8BCA /* Resources */,
			);
			buildRules = (
			);
			dependencies = (
			);
			name = IP5_Horizon;
			productName = IP5_Horizon;
			productReference = D33FA4151E007DAA005C8BCA /* IP5_Horizon.app */;
			productType = "com.apple.product-type.application";
		};
		D33FA4221E007DAA005C8BCA /* IP5_HorizonTests */ = {
			isa = PBXNativeTarget;
			buildConfigurationList = D33FA43A1E007DAA005C8BCA /* Build configuration list for PBXNativeTarget "IP5_HorizonTests" */;
			buildPhases = (
				D33FA41F1E007DAA005C8BCA /* Sources */,
				D33FA4201E007DAA005C8BCA /* Frameworks */,
				D33FA4211E007DAA005C8BCA /* Resources */,
			);
			buildRules = (
			);
			dependencies = (
				D33FA4251E007DAA005C8BCA /* PBXTargetDependency */,
			);
			name = IP5_HorizonTests;
			productName = IP5_HorizonTests;
			productReference = D33FA4231E007DAA005C8BCA /* IP5_HorizonTests.xctest */;
			productType = "com.apple.product-type.bundle.unit-test";
		};
		D33FA42D1E007DAA005C8BCA /* IP5_HorizonUITests */ = {
			isa = PBXNativeTarget;
			buildConfigurationList = D33FA43D1E007DAA005C8BCA /* Build configuration list for PBXNativeTarget "IP5_HorizonUITests" */;
			buildPhases = (
				D33FA42A1E007DAA005C8BCA /* Sources */,
				D33FA42B1E007DAA005C8BCA /* Frameworks */,
				D33FA42C1E007DAA005C8BCA /* Resources */,
			);
			buildRules = (
			);
			dependencies = (
				D33FA4301E007DAA005C8BCA /* PBXTargetDependency */,
			);
			name = IP5_HorizonUITests;
			productName = IP5_HorizonUITests;
			productReference = D33FA42E1E007DAA005C8BCA /* IP5_HorizonUITests.xctest */;
			productType = "com.apple.product-type.bundle.ui-testing";
		};
/* End PBXNativeTarget section */

/* Begin PBXProject section */
		D33FA40D1E007DAA005C8BCA /* Project object */ = {
			isa = PBXProject;
			attributes = {
				LastSwiftUpdateCheck = 0810;
				LastUpgradeCheck = 0820;
				ORGANIZATIONNAME = "Andrea Zirn";
				TargetAttributes = {
					D33FA4141E007DAA005C8BCA = {
						CreatedOnToolsVersion = 8.1;
						DevelopmentTeam = DC4WF5AD9S;
						ProvisioningStyle = Automatic;
					};
					D33FA4221E007DAA005C8BCA = {
						CreatedOnToolsVersion = 8.1;
						ProvisioningStyle = Automatic;
						TestTargetID = D33FA4141E007DAA005C8BCA;
					};
					D33FA42D1E007DAA005C8BCA = {
						CreatedOnToolsVersion = 8.1;
						ProvisioningStyle = Automatic;
						TestTargetID = D33FA4141E007DAA005C8BCA;
					};
				};
			};
			buildConfigurationList = D33FA4101E007DAA005C8BCA /* Build configuration list for PBXProject "IP5_Horizon" */;
			compatibilityVersion = "Xcode 3.2";
			developmentRegion = English;
			hasScannedForEncodings = 0;
			knownRegions = (
				en,
			);
			mainGroup = D33FA40C1E007DAA005C8BCA;
			productRefGroup = D33FA4161E007DAA005C8BCA /* Products */;
			projectDirPath = "";
			projectRoot = "";
			targets = (
				D33FA4141E007DAA005C8BCA /* IP5_Horizon */,
				D33FA4221E007DAA005C8BCA /* IP5_HorizonTests */,
				D33FA42D1E007DAA005C8BCA /* IP5_HorizonUITests */,
			);
		};
/* End PBXProject section */

/* Begin PBXResourcesBuildPhase section */
		D33FA4131E007DAA005C8BCA /* Resources */ = {
			isa = PBXResourcesBuildPhase;
			buildActionMask = 2147483647;
			files = (
				D33FA4A91E008893005C8BCA /* ForrestGump.json in Resources */,
				D329A4EB1E31828E00AFB20C /* darkblue.png in Resources */,
				D3CA78D31E22ED4900BD7FE1 /* Spongebob11.json in Resources */,
				D33FA4A51E008893005C8BCA /* Trolls.json in Resources */,
				D33FA4671E008652005C8BCA /* videoLogoOverlay.tvml in Resources */,
				D3CA78D61E22ED4900BD7FE1 /* HouseofCards12.json in Resources */,
				D33FA4661E008652005C8BCA /* photos.tvml in Resources */,
				D31DE66E1E1FAC5900C48A9E /* Ellen_Page.jpg in Resources */,
				D3F071971E3022CD006716B6 /* screenshot_rtl2.png in Resources */,
				D33FA41D1E007DAA005C8BCA /* Assets.xcassets in Resources */,
				D3F0719D1E3022D9006716B6 /* Kabel_eins_HD_Logo.png in Resources */,
				D31DE6711E1FAC5900C48A9E /* Sally_Field.jpg in Resources */,
				D33FA46D1E0086A6005C8BCA /* Presenter.js in Resources */,
				D34FD1F31E243A3E000BDF25 /* tvguideM_now.tvml in Resources */,
				D34FD1F11E243A3E000BDF25 /* tvguideS_future.tvml in Resources */,
				D33FA45C1E008652005C8BCA /* homeScreen.tvml in Resources */,
				D33FA4A71E008893005C8BCA /* Moana.json in Resources */,
				D3F071901E30188A006716B6 /* halblogo_middle.png in Resources */,
				D31DE6741E1FAC5900C48A9E /* Brad_Pitt.jpg in Resources */,
				D3F0719C1E3022D9006716B6 /* RTL-II-Logo.png in Resources */,
				D3CB645D1E16C96A0058E34C /* logo_orf1HD.png in Resources */,
				D3D91D6E1E15520400AFD9B8 /* logo_klein.png in Resources */,
				D33FA4981E00887D005C8BCA /* LiveTV.json in Resources */,
				D329A4ED1E319A9500AFB20C /* Settings.json in Resources */,
				D33FA4631E008652005C8BCA /* Search.tvml in Resources */,
				D33FA4861E008861005C8BCA /* ForrestGump.jpg in Resources */,
				D33FA48F1E00886E005C8BCA /* upclogo_1.png in Resources */,
				D33FA4731E008814005C8BCA /* mustache.min.js in Resources */,
				D3CB64651E16CB0C0058E34C /* 3plus_HD.png in Resources */,
				D33FA4641E008652005C8BCA /* expandedDetailText.tvml in Resources */,
				D33FA4881E008861005C8BCA /* Moana.jpg in Resources */,
				D3C9E2E91E2283970034E466 /* NewGirl16.json in Resources */,
				D33FA4AB1E0088A6005C8BCA /* DoctorStrange.mp4 in Resources */,
				D31DE66B1E1FAC5900C48A9E /* Rachel_House.jpg in Resources */,
				D31DE66F1E1FAC5900C48A9E /* Joseph_Gordon-Levitt.jpg in Resources */,
				D33FA49C1E00887D005C8BCA /* homeScreen.json in Resources */,
				D3CB64591E16C96A0058E34C /* ZDF-Logo.png in Resources */,
				D33FA45F1E008652005C8BCA /* video.tvml in Resources */,
				D33FA4A61E008893005C8BCA /* Inception.json in Resources */,
				D3CA78C91E22EB7100BD7FE1 /* HouseofCards1.jpg in Resources */,
				D33FA45D1E008652005C8BCA /* myPrime.tvml in Resources */,
				D3FAB4B71E2FD68A00A94640 /* screenshot_orf2.png in Resources */,
				D3FAB4B31E2FD68A00A94640 /* screenshot_sat1.png in Resources */,
				D3FAB4B51E2FD68A00A94640 /* screenshot_kabel1.png in Resources */,
				D31DE6761E1FAC5900C48A9E /* Zooey_Deschanel.jpg in Resources */,
				D33FA4971E00887D005C8BCA /* MyVideo.json in Resources */,
				D3F071911E30188A006716B6 /* logo_schrift.png in Resources */,
				D3C9E2EB1E2283970034E466 /* NewGirl14.json in Resources */,
				D33FA4991E00887D005C8BCA /* search.json in Resources */,
				D33FA4781E008851005C8BCA /* blueclouds.png in Resources */,
				D3FAB4B21E2FD68A00A94640 /* screenshot_rtl.png in Resources */,
				D3CB64571E16C96A0058E34C /* logo_klein6.png in Resources */,
				D3CB645F1E16C96A0058E34C /* logo_srf2HD.png in Resources */,
				D3CA78D21E22ED4900BD7FE1 /* Spongebob13.json in Resources */,
				D31DE6751E1FAC5900C48A9E /* Edward_Norton.jpg in Resources */,
				D33FA4891E008861005C8BCA /* PulpFiction.jpg in Resources */,
				D3F0718F1E30188A006716B6 /* srf1_logo.png in Resources */,
				D31DE6791E1FAC5900C48A9E /* Rachel_McAdams.jpg in Resources */,
				D3CB64451E16BDAD0058E34C /* prosieben_hd.jpg in Resources */,
				D3CB64561E16C96A0058E34C /* logo_klein5.png in Resources */,
				D3FAB4B91E2FD68A00A94640 /* screenshot_srf2.png in Resources */,
				D3CB64431E168AA60058E34C /* tvGuide.json in Resources */,
				D34FD1F21E243A3E000BDF25 /* tvguideS_now.tvml in Resources */,
				D33FA45E1E008652005C8BCA /* LiveTV.tvml in Resources */,
				D3C9E2ED1E2283970034E466 /* NewGirl12.json in Resources */,
				D33FA4611E008652005C8BCA /* Settings.tvml in Resources */,
				D3D91D641E154CC800AFD9B8 /* horizonlogo_very_small.png in Resources */,
				D33FA4A81E008893005C8BCA /* FightClub.json in Resources */,
				D3C9E2EC1E2283970034E466 /* NewGirl13.json in Resources */,
				D3CB64641E16CB0C0058E34C /* ORF2.png in Resources */,
				D33FA4711E0086A6005C8BCA /* DataController.js in Resources */,
				D33FA45A1E008652005C8BCA /* rootMenu.tvml in Resources */,
				D3CB64541E16C96A0058E34C /* p7maxxhd-logo-weiß.jpg in Resources */,
				D3D91D6D1E15520400AFD9B8 /* logo_klein2.png in Resources */,
				D3C9E2D91E22701E0034E466 /* series.tvml in Resources */,
				D3C9E2EA1E2283970034E466 /* NewGirl15.json in Resources */,
				D3FAB4B41E2FD68A00A94640 /* screenshot_orf1.png in Resources */,
				D33FA49A1E00887D005C8BCA /* myPrime.json in Resources */,
				D33FA4831E008861005C8BCA /* DoctorStrange.jpg in Resources */,
				D3D91D6C1E15520400AFD9B8 /* logo_klein3.png in Resources */,
				D3F071961E3022CD006716B6 /* screenshot_zdf.png in Resources */,
				D31DE6721E1FAC5900C48A9E /* Tom_Hanks.jpg in Resources */,
				D3C9E2F61E2284820034E466 /* NewGirl1.jpg in Resources */,
				D3F071951E3022CD006716B6 /* screenshot_dmax.png in Resources */,
				D33FA4621E008652005C8BCA /* videoRating.tvml in Resources */,
				D3CA78D51E22ED4900BD7FE1 /* HouseofCards13.json in Resources */,
				D3C9E2DF1E2274730034E466 /* NewGirl.json in Resources */,
				D33FA48B1E008861005C8BCA /* TheGodfather.jpg in Resources */,
				D31DE6701E1FAC5900C48A9E /* Leonardo_DiCaprio.jpg in Resources */,
				D31DE67A1E1FAC5900C48A9E /* Chiwetel_Ejiofor.jpg in Resources */,
				D3C9E2F01E2283A30034E466 /* seriesDatabase.json in Resources */,
				D3CB64581E16C96A0058E34C /* logoklein7.png in Resources */,
				D31DE6731E1FAC5900C48A9E /* Meat_Loaf.jpg in Resources */,
				D31DE6781E1FAC5900C48A9E /* Anna_Kendrick.jpg in Resources */,
				D3FAB4B81E2FD68A00A94640 /* screenshot_pro7.png in Resources */,
				D3CA78D41E22ED4900BD7FE1 /* Spongebob12.json in Resources */,
				D33FA46F1E0086A6005C8BCA /* ResourceLoader.js in Resources */,
				D33FA48C1E008861005C8BCA /* Trolls.jpg in Resources */,
				D34FD1E91E243A30000BDF25 /* tvGuideDatabase.json in Resources */,
				D33FA4A41E008893005C8BCA /* DoctorStrange.json in Resources */,
				D3FAB4B61E2FD68A00A94640 /* screenshot_3+.png in Resources */,
				D3D91D611E154B8A00AFD9B8 /* background_small.png in Resources */,
				D3CB64631E16CB0C0058E34C /* Sat1.png in Resources */,
				D33FA4851E008861005C8BCA /* FightClub.jpg in Resources */,
				D3D91D5C1E1545E300AFD9B8 /* horizonlogo.png in Resources */,
				D3D91D661E154D0800AFD9B8 /* upclogo_2_small.png in Resources */,
				D33FA4701E0086A6005C8BCA /* EventHandler.js in Resources */,
				D3CB64471E16BDB80058E34C /* halblogo.png in Resources */,
				D33FA45B1E008652005C8BCA /* myVideo.tvml in Resources */,
				D3FAB4BB1E2FD77200A94640 /* screenshot_srf1.png in Resources */,
				D3D91D621E154B8A00AFD9B8 /* background.png in Resources */,
				D3CA78CB1E22EB7A00BD7FE1 /* Spongebob1.jpg in Resources */,
				D329A4E91E3181F500AFB20C /* white.png in Resources */,
				D33FA4651E008652005C8BCA /* _searchResult.tvml in Resources */,
				D3C9E2EE1E2283970034E466 /* NewGirl11.json in Resources */,
				D3CA78D71E22ED4900BD7FE1 /* HouseofCards11.json in Resources */,
				D31DE66C1E1FAC5900C48A9E /* Dwayne_Johnson.jpg in Resources */,
				D33FA4841E008861005C8BCA /* FantasticBeasts.jpg in Resources */,
				D31DE67B1E1FAC5900C48A9E /* Benedict_Cumberbatch.jpg in Resources */,
				D31DE66D1E1FAC5900C48A9E /* Auli'i_Cravalho.jpg in Resources */,
				D3D91D6B1E15520400AFD9B8 /* logo_klein4.png in Resources */,
				D33FA4901E00886E005C8BCA /* upclogo_2.png in Resources */,
				D34FD1F01E243A3E000BDF25 /* tvguideS_past.tvml in Resources */,
				D33FA44B1E00855C005C8BCA /* main.js in Resources */,
				D34FD1F51E243A3E000BDF25 /* tvguideM_past.tvml in Resources */,
				D3D91D5E1E154A9700AFD9B8 /* horizonlogo_small.png in Resources */,
				D3CB645B1E16C96A0058E34C /* RTL_HD.png in Resources */,
				D33FA48A1E008861005C8BCA /* TheDarkKnight.jpg in Resources */,
				D33FA4871E008861005C8BCA /* Inception.jpg in Resources */,
				D3CB64411E1685F80058E34C /* tvGuide.tvml in Resources */,
				D329A4E81E3181F500AFB20C /* blue.png in Resources */,
				D3CB64551E16C96A0058E34C /* logo_gross.png in Resources */,
				D33FA49B1E00887D005C8BCA /* videoDatabase.json in Resources */,
				D31DE6771E1FAC5900C48A9E /* Justin_Timberlake.jpg in Resources */,
				D34FD1F41E243A3E000BDF25 /* tvguideM_future.tvml in Resources */,
				D33FA46E1E0086A6005C8BCA /* SearchHandler.js in Resources */,
				D3F0719B1E3022D9006716B6 /* DMAX.png in Resources */,
			);
			runOnlyForDeploymentPostprocessing = 0;
		};
		D33FA4211E007DAA005C8BCA /* Resources */ = {
			isa = PBXResourcesBuildPhase;
			buildActionMask = 2147483647;
			files = (
			);
			runOnlyForDeploymentPostprocessing = 0;
		};
		D33FA42C1E007DAA005C8BCA /* Resources */ = {
			isa = PBXResourcesBuildPhase;
			buildActionMask = 2147483647;
			files = (
			);
			runOnlyForDeploymentPostprocessing = 0;
		};
/* End PBXResourcesBuildPhase section */

/* Begin PBXSourcesBuildPhase section */
		D33FA4111E007DAA005C8BCA /* Sources */ = {
			isa = PBXSourcesBuildPhase;
			buildActionMask = 2147483647;
			files = (
				D33FA4421E007E54005C8BCA /* RessourceLoader.swift in Sources */,
				D33FA4191E007DAA005C8BCA /* AppDelegate.swift in Sources */,
			);
			runOnlyForDeploymentPostprocessing = 0;
		};
		D33FA41F1E007DAA005C8BCA /* Sources */ = {
			isa = PBXSourcesBuildPhase;
			buildActionMask = 2147483647;
			files = (
				D33FA4281E007DAA005C8BCA /* IP5_HorizonTests.swift in Sources */,
			);
			runOnlyForDeploymentPostprocessing = 0;
		};
		D33FA42A1E007DAA005C8BCA /* Sources */ = {
			isa = PBXSourcesBuildPhase;
			buildActionMask = 2147483647;
			files = (
				D33FA4331E007DAA005C8BCA /* IP5_HorizonUITests.swift in Sources */,
			);
			runOnlyForDeploymentPostprocessing = 0;
		};
/* End PBXSourcesBuildPhase section */

/* Begin PBXTargetDependency section */
		D33FA4251E007DAA005C8BCA /* PBXTargetDependency */ = {
			isa = PBXTargetDependency;
			target = D33FA4141E007DAA005C8BCA /* IP5_Horizon */;
			targetProxy = D33FA4241E007DAA005C8BCA /* PBXContainerItemProxy */;
		};
		D33FA4301E007DAA005C8BCA /* PBXTargetDependency */ = {
			isa = PBXTargetDependency;
			target = D33FA4141E007DAA005C8BCA /* IP5_Horizon */;
			targetProxy = D33FA42F1E007DAA005C8BCA /* PBXContainerItemProxy */;
		};
/* End PBXTargetDependency section */

/* Begin XCBuildConfiguration section */
		D33FA4351E007DAA005C8BCA /* Debug */ = {
			isa = XCBuildConfiguration;
			buildSettings = {
				ALWAYS_SEARCH_USER_PATHS = NO;
				CLANG_ANALYZER_NONNULL = YES;
				CLANG_CXX_LANGUAGE_STANDARD = "gnu++0x";
				CLANG_CXX_LIBRARY = "libc++";
				CLANG_ENABLE_MODULES = YES;
				CLANG_ENABLE_OBJC_ARC = YES;
				CLANG_WARN_BOOL_CONVERSION = YES;
				CLANG_WARN_CONSTANT_CONVERSION = YES;
				CLANG_WARN_DIRECT_OBJC_ISA_USAGE = YES_ERROR;
				CLANG_WARN_DOCUMENTATION_COMMENTS = YES;
				CLANG_WARN_EMPTY_BODY = YES;
				CLANG_WARN_ENUM_CONVERSION = YES;
				CLANG_WARN_INFINITE_RECURSION = YES;
				CLANG_WARN_INT_CONVERSION = YES;
				CLANG_WARN_OBJC_ROOT_CLASS = YES_ERROR;
				CLANG_WARN_SUSPICIOUS_MOVE = YES;
				CLANG_WARN_SUSPICIOUS_MOVES = YES;
				CLANG_WARN_UNREACHABLE_CODE = YES;
				CLANG_WARN__DUPLICATE_METHOD_MATCH = YES;
				COPY_PHASE_STRIP = NO;
				DEBUG_INFORMATION_FORMAT = dwarf;
				ENABLE_STRICT_OBJC_MSGSEND = YES;
				ENABLE_TESTABILITY = YES;
				GCC_C_LANGUAGE_STANDARD = gnu99;
				GCC_DYNAMIC_NO_PIC = NO;
				GCC_NO_COMMON_BLOCKS = YES;
				GCC_OPTIMIZATION_LEVEL = 0;
				GCC_PREPROCESSOR_DEFINITIONS = (
					"DEBUG=1",
					"$(inherited)",
				);
				GCC_WARN_64_TO_32_BIT_CONVERSION = YES;
				GCC_WARN_ABOUT_RETURN_TYPE = YES_ERROR;
				GCC_WARN_UNDECLARED_SELECTOR = YES;
				GCC_WARN_UNINITIALIZED_AUTOS = YES_AGGRESSIVE;
				GCC_WARN_UNUSED_FUNCTION = YES;
				GCC_WARN_UNUSED_VARIABLE = YES;
				MTL_ENABLE_DEBUG_INFO = YES;
				ONLY_ACTIVE_ARCH = YES;
				SDKROOT = appletvos;
				SWIFT_ACTIVE_COMPILATION_CONDITIONS = DEBUG;
				SWIFT_OPTIMIZATION_LEVEL = "-Onone";
				TARGETED_DEVICE_FAMILY = 3;
				TVOS_DEPLOYMENT_TARGET = 10.0;
			};
			name = Debug;
		};
		D33FA4361E007DAA005C8BCA /* Release */ = {
			isa = XCBuildConfiguration;
			buildSettings = {
				ALWAYS_SEARCH_USER_PATHS = NO;
				CLANG_ANALYZER_NONNULL = YES;
				CLANG_CXX_LANGUAGE_STANDARD = "gnu++0x";
				CLANG_CXX_LIBRARY = "libc++";
				CLANG_ENABLE_MODULES = YES;
				CLANG_ENABLE_OBJC_ARC = YES;
				CLANG_WARN_BOOL_CONVERSION = YES;
				CLANG_WARN_CONSTANT_CONVERSION = YES;
				CLANG_WARN_DIRECT_OBJC_ISA_USAGE = YES_ERROR;
				CLANG_WARN_DOCUMENTATION_COMMENTS = YES;
				CLANG_WARN_EMPTY_BODY = YES;
				CLANG_WARN_ENUM_CONVERSION = YES;
				CLANG_WARN_INFINITE_RECURSION = YES;
				CLANG_WARN_INT_CONVERSION = YES;
				CLANG_WARN_OBJC_ROOT_CLASS = YES_ERROR;
				CLANG_WARN_SUSPICIOUS_MOVE = YES;
				CLANG_WARN_SUSPICIOUS_MOVES = YES;
				CLANG_WARN_UNREACHABLE_CODE = YES;
				CLANG_WARN__DUPLICATE_METHOD_MATCH = YES;
				COPY_PHASE_STRIP = NO;
				DEBUG_INFORMATION_FORMAT = "dwarf-with-dsym";
				ENABLE_NS_ASSERTIONS = NO;
				ENABLE_STRICT_OBJC_MSGSEND = YES;
				GCC_C_LANGUAGE_STANDARD = gnu99;
				GCC_NO_COMMON_BLOCKS = YES;
				GCC_WARN_64_TO_32_BIT_CONVERSION = YES;
				GCC_WARN_ABOUT_RETURN_TYPE = YES_ERROR;
				GCC_WARN_UNDECLARED_SELECTOR = YES;
				GCC_WARN_UNINITIALIZED_AUTOS = YES_AGGRESSIVE;
				GCC_WARN_UNUSED_FUNCTION = YES;
				GCC_WARN_UNUSED_VARIABLE = YES;
				MTL_ENABLE_DEBUG_INFO = NO;
				SDKROOT = appletvos;
				SWIFT_OPTIMIZATION_LEVEL = "-Owholemodule";
				TARGETED_DEVICE_FAMILY = 3;
				TVOS_DEPLOYMENT_TARGET = 10.0;
				VALIDATE_PRODUCT = YES;
			};
			name = Release;
		};
		D33FA4381E007DAA005C8BCA /* Debug */ = {
			isa = XCBuildConfiguration;
			buildSettings = {
				ASSETCATALOG_COMPILER_APPICON_NAME = "App Icon & Top Shelf Image";
				ASSETCATALOG_COMPILER_LAUNCHIMAGE_NAME = LaunchImage;
				DEVELOPMENT_TEAM = DC4WF5AD9S;
				INFOPLIST_FILE = IP5_Horizon/Info.plist;
				LD_RUNPATH_SEARCH_PATHS = "$(inherited) @executable_path/Frameworks";
				PRODUCT_BUNDLE_IDENTIFIER = "AMZ.IP-5-AppleTV";
				PRODUCT_NAME = "$(TARGET_NAME)";
				SWIFT_VERSION = 3.0;
			};
			name = Debug;
		};
		D33FA4391E007DAA005C8BCA /* Release */ = {
			isa = XCBuildConfiguration;
			buildSettings = {
				ASSETCATALOG_COMPILER_APPICON_NAME = "App Icon & Top Shelf Image";
				ASSETCATALOG_COMPILER_LAUNCHIMAGE_NAME = LaunchImage;
				DEVELOPMENT_TEAM = DC4WF5AD9S;
				INFOPLIST_FILE = IP5_Horizon/Info.plist;
				LD_RUNPATH_SEARCH_PATHS = "$(inherited) @executable_path/Frameworks";
				PRODUCT_BUNDLE_IDENTIFIER = "AMZ.IP-5-AppleTV";
				PRODUCT_NAME = "$(TARGET_NAME)";
				SWIFT_VERSION = 3.0;
			};
			name = Release;
		};
		D33FA43B1E007DAA005C8BCA /* Debug */ = {
			isa = XCBuildConfiguration;
			buildSettings = {
				ALWAYS_EMBED_SWIFT_STANDARD_LIBRARIES = YES;
				BUNDLE_LOADER = "$(TEST_HOST)";
				INFOPLIST_FILE = IP5_HorizonTests/Info.plist;
				LD_RUNPATH_SEARCH_PATHS = "$(inherited) @executable_path/Frameworks @loader_path/Frameworks";
				PRODUCT_BUNDLE_IDENTIFIER = "AMZ.IP5-HorizonTests";
				PRODUCT_NAME = "$(TARGET_NAME)";
				SWIFT_VERSION = 3.0;
				TEST_HOST = "$(BUILT_PRODUCTS_DIR)/IP5_Horizon.app/IP5_Horizon";
			};
			name = Debug;
		};
		D33FA43C1E007DAA005C8BCA /* Release */ = {
			isa = XCBuildConfiguration;
			buildSettings = {
				ALWAYS_EMBED_SWIFT_STANDARD_LIBRARIES = YES;
				BUNDLE_LOADER = "$(TEST_HOST)";
				INFOPLIST_FILE = IP5_HorizonTests/Info.plist;
				LD_RUNPATH_SEARCH_PATHS = "$(inherited) @executable_path/Frameworks @loader_path/Frameworks";
				PRODUCT_BUNDLE_IDENTIFIER = "AMZ.IP5-HorizonTests";
				PRODUCT_NAME = "$(TARGET_NAME)";
				SWIFT_VERSION = 3.0;
				TEST_HOST = "$(BUILT_PRODUCTS_DIR)/IP5_Horizon.app/IP5_Horizon";
			};
			name = Release;
		};
		D33FA43E1E007DAA005C8BCA /* Debug */ = {
			isa = XCBuildConfiguration;
			buildSettings = {
				ALWAYS_EMBED_SWIFT_STANDARD_LIBRARIES = YES;
				"CODE_SIGN_IDENTITY[sdk=appletvos*]" = "iPhone Developer";
				DEVELOPMENT_TEAM = "";
				INFOPLIST_FILE = IP5_HorizonUITests/Info.plist;
				LD_RUNPATH_SEARCH_PATHS = "$(inherited) @executable_path/Frameworks @loader_path/Frameworks";
				PRODUCT_BUNDLE_IDENTIFIER = "AMZ.IP5-HorizonUITests";
				PRODUCT_NAME = "$(TARGET_NAME)";
				SWIFT_VERSION = 3.0;
				TEST_TARGET_NAME = IP5_Horizon;
			};
			name = Debug;
		};
		D33FA43F1E007DAA005C8BCA /* Release */ = {
			isa = XCBuildConfiguration;
			buildSettings = {
				ALWAYS_EMBED_SWIFT_STANDARD_LIBRARIES = YES;
				"CODE_SIGN_IDENTITY[sdk=appletvos*]" = "iPhone Developer";
				DEVELOPMENT_TEAM = "";
				INFOPLIST_FILE = IP5_HorizonUITests/Info.plist;
				LD_RUNPATH_SEARCH_PATHS = "$(inherited) @executable_path/Frameworks @loader_path/Frameworks";
				PRODUCT_BUNDLE_IDENTIFIER = "AMZ.IP5-HorizonUITests";
				PRODUCT_NAME = "$(TARGET_NAME)";
				SWIFT_VERSION = 3.0;
				TEST_TARGET_NAME = IP5_Horizon;
			};
			name = Release;
		};
/* End XCBuildConfiguration section */

/* Begin XCConfigurationList section */
		D33FA4101E007DAA005C8BCA /* Build configuration list for PBXProject "IP5_Horizon" */ = {
			isa = XCConfigurationList;
			buildConfigurations = (
				D33FA4351E007DAA005C8BCA /* Debug */,
				D33FA4361E007DAA005C8BCA /* Release */,
			);
			defaultConfigurationIsVisible = 0;
			defaultConfigurationName = Release;
		};
		D33FA4371E007DAA005C8BCA /* Build configuration list for PBXNativeTarget "IP5_Horizon" */ = {
			isa = XCConfigurationList;
			buildConfigurations = (
				D33FA4381E007DAA005C8BCA /* Debug */,
				D33FA4391E007DAA005C8BCA /* Release */,
			);
			defaultConfigurationIsVisible = 0;
			defaultConfigurationName = Release;
		};
		D33FA43A1E007DAA005C8BCA /* Build configuration list for PBXNativeTarget "IP5_HorizonTests" */ = {
			isa = XCConfigurationList;
			buildConfigurations = (
				D33FA43B1E007DAA005C8BCA /* Debug */,
				D33FA43C1E007DAA005C8BCA /* Release */,
			);
			defaultConfigurationIsVisible = 0;
			defaultConfigurationName = Release;
		};
		D33FA43D1E007DAA005C8BCA /* Build configuration list for PBXNativeTarget "IP5_HorizonUITests" */ = {
			isa = XCConfigurationList;
			buildConfigurations = (
				D33FA43E1E007DAA005C8BCA /* Debug */,
				D33FA43F1E007DAA005C8BCA /* Release */,
			);
			defaultConfigurationIsVisible = 0;
			defaultConfigurationName = Release;
		};
/* End XCConfigurationList section */
	};
	rootObject = D33FA40D1E007DAA005C8BCA /* Project object */;
}
